PODS:
  - Spine (4.2.0):
    - SpineCppLite
    - SpineShadersStructs
  - SpineCppLite (4.2.0)
  - SpineShadersStructs (4.2.0)

DEPENDENCIES:
  - Spine (from `https://raw.githubusercontent.com/EsotericSoftware/spine-runtimes/4.2/Spine.podspec`)
  - SpineCppLite (from `https://raw.githubusercontent.com/EsotericSoftware/spine-runtimes/4.2/SpineCppLite.podspec`)
  - SpineShadersStructs (from `https://raw.githubusercontent.com/EsotericSoftware/spine-runtimes/4.2/SpineShadersStructs.podspec`)

EXTERNAL SOURCES:
  Spine:
    :podspec: https://raw.githubusercontent.com/EsotericSoftware/spine-runtimes/4.2/Spine.podspec
  SpineCppLite:
    :podspec: https://raw.githubusercontent.com/EsotericSoftware/spine-runtimes/4.2/SpineCppLite.podspec
  SpineShadersStructs:
    :podspec: https://raw.githubusercontent.com/EsotericSoftware/spine-runtimes/4.2/SpineShadersStructs.podspec

CHECKOUT OPTIONS:
  Spine:
    :commit: 07b8d96e19504e9a957b7b994fd143739fc6ea6a
    :git: https://github.com/esotericsoftware/spine-runtimes.git
  SpineCppLite:
    :commit: 07b8d96e19504e9a957b7b994fd143739fc6ea6a
    :git: https://github.com/esotericsoftware/spine-runtimes.git
  SpineShadersStructs:
    :commit: 07b8d96e19504e9a957b7b994fd143739fc6ea6a
    :git: https://github.com/esotericsoftware/spine-runtimes.git

SPEC CHECKSUMS:
  Spine: 72085e5aa26f207d5fd90b5c159f1006e753bcdb
  SpineCppLite: 0c05549dc08fff40da8853e079606e559f6036ce
  SpineShadersStructs: 51ae786df4f4ea9ca52d7d5ff365d2018b561346

PODFILE CHECKSUM: 83b0d089e28a33ac08573a19883995f4b28eac80

COCOAPODS: 1.16.2
