// !$*UTF8*$!
{
	archiveVersion = 1;
	classes = {
	};
	objectVersion = 56;
	objects = {

/* Begin PBXBuildFile section */
		5824C3FB2DD7253500233597 /* README.md in Resources */ = {isa = PBXBuildFile; fileRef = 5824C3C72DD7253500233597 /* README.md */; };
		5824C3FC2DD7253500233597 /* Gemfile.lock in Resources */ = {isa = PBXBuildFile; fileRef = 5824C3EF2DD7253500233597 /* Gemfile.lock */; };
		5824C4002DD7253500233597 /* Stickers.xcstickers in Resources */ = {isa = PBXBuildFile; fileRef = 5824C3E82DD7253500233597 /* Stickers.xcstickers */; };
		5824C4012DD7253500233597 /* apps.csv in Resources */ = {isa = PBXBuildFile; fileRef = 5824C3C42DD7253500233597 /* apps.csv */; };
		5824C4052DD7253500233597 /* generate_apps.py in Resources */ = {isa = PBXBuildFile; fileRef = 5824C3F02DD7253500233597 /* generate_apps.py */; };
		5824C4062DD7253500233597 /* template.zip in Resources */ = {isa = PBXBuildFile; fileRef = 5824C3F12DD7253500233597 /* template.zip */; };
		5824C4072DD7253500233597 /* Info.plist in Resources */ = {isa = PBXBuildFile; fileRef = 5824C3E72DD7253500233597 /* Info.plist */; };
		5824C4082DD7253500233597 /* cloud.png in Resources */ = {isa = PBXBuildFile; fileRef = 5824C3BF2DD7253500233597 /* cloud.png */; };
		5824C40A2DD7253500233597 /* moon.png in Resources */ = {isa = PBXBuildFile; fileRef = 5824C3BB2DD7253500233597 /* moon.png */; };
		5824C40B2DD7253500233597 /* Fastfile in Resources */ = {isa = PBXBuildFile; fileRef = 5824C3E32DD7253500233597 /* Fastfile */; };
		5824C40C2DD7253500233597 /* Info.plist in Resources */ = {isa = PBXBuildFile; fileRef = 5824C3E52DD7253500233597 /* Info.plist */; };
		5824C40D2DD7253500233597 /* create_bundleIds.py in Resources */ = {isa = PBXBuildFile; fileRef = 5824C3ED2DD7253500233597 /* create_bundleIds.py */; };
		5824C40E2DD7253500233597 /* icon-1024.png in Resources */ = {isa = PBXBuildFile; fileRef = 5824C3BD2DD7253500233597 /* icon-1024.png */; };
		5824C40F2DD7253500233597 /* Gemfile in Resources */ = {isa = PBXBuildFile; fileRef = 5824C3EE2DD7253500233597 /* Gemfile */; };
		5824C4102DD7253500233597 /* AuthKey_X22F658K7F.p8 in Resources */ = {isa = PBXBuildFile; fileRef = 5824C3EC2DD7253500233597 /* AuthKey_X22F658K7F.p8 */; };
		5824C4122DD7253500233597 /* cloud.png in Resources */ = {isa = PBXBuildFile; fileRef = 5824C3BA2DD7253500233597 /* cloud.png */; };
		5824C4132DD7253500233597 /* report.xml in Resources */ = {isa = PBXBuildFile; fileRef = 5824C3C82DD7253500233597 /* report.xml */; };
		5824C4152DD7253500233597 /* Fastfile in Resources */ = {isa = PBXBuildFile; fileRef = 5824C3C62DD7253500233597 /* Fastfile */; };
		5824C4162DD7253500233597 /* moon.png in Resources */ = {isa = PBXBuildFile; fileRef = 5824C3C02DD7253500233597 /* moon.png */; };
		5824C4182DD7253500233597 /* icon-1024.png in Resources */ = {isa = PBXBuildFile; fileRef = 5824C3C22DD7253500233597 /* icon-1024.png */; };
		58324B442CB680190044C85A /* UIColorExt.swift in Sources */ = {isa = PBXBuildFile; fileRef = 58324B422CB680190044C85A /* UIColorExt.swift */; };
		58324B452CB680190044C85A /* ColorExt.swift in Sources */ = {isa = PBXBuildFile; fileRef = 58324B432CB680190044C85A /* ColorExt.swift */; };
		58324B4A2CB682D50044C85A /* Kingfisher in Frameworks */ = {isa = PBXBuildFile; productRef = 58324B492CB682D50044C85A /* Kingfisher */; };
		58324B582CB76BF40044C85A /* RussoOne-Regular.ttf in Resources */ = {isa = PBXBuildFile; fileRef = 58324B4C2CB76BF30044C85A /* RussoOne-Regular.ttf */; };
		58324B592CB76BF40044C85A /* WendyOne-Regular.ttf in Resources */ = {isa = PBXBuildFile; fileRef = 58324B4D2CB76BF30044C85A /* WendyOne-Regular.ttf */; };
		58324B5A2CB76BF40044C85A /* Arbutus-Regular.ttf in Resources */ = {isa = PBXBuildFile; fileRef = 58324B4E2CB76BF30044C85A /* Arbutus-Regular.ttf */; };
		58324B5B2CB76BF40044C85A /* LeckerliOne-Regular.ttf in Resources */ = {isa = PBXBuildFile; fileRef = 58324B4F2CB76BF30044C85A /* LeckerliOne-Regular.ttf */; };
		58324B5C2CB76BF40044C85A /* SpicyRice-Regular.ttf in Resources */ = {isa = PBXBuildFile; fileRef = 58324B502CB76BF30044C85A /* SpicyRice-Regular.ttf */; };
		58324B5E2CB76BF40044C85A /* Butcherman-Regular.ttf in Resources */ = {isa = PBXBuildFile; fileRef = 58324B522CB76BF30044C85A /* Butcherman-Regular.ttf */; };
		58324B5F2CB76BF40044C85A /* Fruktur-Regular.ttf in Resources */ = {isa = PBXBuildFile; fileRef = 58324B532CB76BF30044C85A /* Fruktur-Regular.ttf */; };
		58324B602CB76BF40044C85A /* ConcertOne-Regular.ttf in Resources */ = {isa = PBXBuildFile; fileRef = 58324B542CB76BF30044C85A /* ConcertOne-Regular.ttf */; };
		58324B612CB76BF40044C85A /* Lemonada-Bold.ttf in Resources */ = {isa = PBXBuildFile; fileRef = 58324B552CB76BF40044C85A /* Lemonada-Bold.ttf */; };
		58324B622CB76BF40044C85A /* Piedra-Regular.ttf in Resources */ = {isa = PBXBuildFile; fileRef = 58324B562CB76BF40044C85A /* Piedra-Regular.ttf */; };
		58324B632CB76BF40044C85A /* Chewy-Regular.ttf in Resources */ = {isa = PBXBuildFile; fileRef = 58324B572CB76BF40044C85A /* Chewy-Regular.ttf */; };
		58324B6D2CB770C70044C85A /* PoppinsLatin-Regular.ttf in Resources */ = {isa = PBXBuildFile; fileRef = 58324B672CB770C70044C85A /* PoppinsLatin-Regular.ttf */; };
		58324B6E2CB770C70044C85A /* PoppinsLatin-Light.otf in Resources */ = {isa = PBXBuildFile; fileRef = 58324B682CB770C70044C85A /* PoppinsLatin-Light.otf */; };
		58324B6F2CB770C70044C85A /* PoppinsLatin-Medium.otf in Resources */ = {isa = PBXBuildFile; fileRef = 58324B692CB770C70044C85A /* PoppinsLatin-Medium.otf */; };
		58324B702CB770C70044C85A /* PoppinsLatin-ExtraBold.ttf in Resources */ = {isa = PBXBuildFile; fileRef = 58324B6A2CB770C70044C85A /* PoppinsLatin-ExtraBold.ttf */; };
		58324B712CB770C70044C85A /* PoppinsLatin-ExtraLight.otf in Resources */ = {isa = PBXBuildFile; fileRef = 58324B6B2CB770C70044C85A /* PoppinsLatin-ExtraLight.otf */; };
		58324B722CB770C70044C85A /* PoppinsLatin-Bold.otf in Resources */ = {isa = PBXBuildFile; fileRef = 58324B6C2CB770C70044C85A /* PoppinsLatin-Bold.otf */; };
		58324B742CB771040044C85A /* FontExt.swift in Sources */ = {isa = PBXBuildFile; fileRef = 58324B732CB771040044C85A /* FontExt.swift */; };
		58324B762CB772080044C85A /* UIFontExt.swift in Sources */ = {isa = PBXBuildFile; fileRef = 58324B752CB772080044C85A /* UIFontExt.swift */; };
		58324B782CB7D2A60044C85A /* MakeStickerFontView.swift in Sources */ = {isa = PBXBuildFile; fileRef = 58324B772CB7D2A60044C85A /* MakeStickerFontView.swift */; };
		58324B7A2CB7D3240044C85A /* MakeStickerFontColorView.swift in Sources */ = {isa = PBXBuildFile; fileRef = 58324B792CB7D3240044C85A /* MakeStickerFontColorView.swift */; };
		58324B7C2CB933ED0044C85A /* MakeStickerSelectView.swift in Sources */ = {isa = PBXBuildFile; fileRef = 58324B7B2CB933ED0044C85A /* MakeStickerSelectView.swift */; };
		58324B7E2CBA4E290044C85A /* MakeStickerLabelsView.swift in Sources */ = {isa = PBXBuildFile; fileRef = 58324B7D2CBA4E290044C85A /* MakeStickerLabelsView.swift */; };
		584D20C72CA28E5D008CE40F /* Messages.framework in Frameworks */ = {isa = PBXBuildFile; fileRef = 584D20C62CA28E5D008CE40F /* Messages.framework */; };
		584D20CA2CA28E5D008CE40F /* MessagesViewController.swift in Sources */ = {isa = PBXBuildFile; fileRef = 584D20C92CA28E5D008CE40F /* MessagesViewController.swift */; };
		584D20CD2CA28E5D008CE40F /* Base in Resources */ = {isa = PBXBuildFile; fileRef = 584D20CC2CA28E5D008CE40F /* Base */; };
		584D20CF2CA28E5E008CE40F /* Assets.xcassets in Resources */ = {isa = PBXBuildFile; fileRef = 584D20CE2CA28E5E008CE40F /* Assets.xcassets */; };
		584D20D32CA28E5E008CE40F /* iMessageExt.appex in Embed Foundation Extensions */ = {isa = PBXBuildFile; fileRef = 584D20C52CA28E5D008CE40F /* iMessageExt.appex */; settings = {ATTRIBUTES = (RemoveHeadersOnCopy, ); }; };
		586449352DA661F9007EA0F8 /* KingfisherWebP in Frameworks */ = {isa = PBXBuildFile; productRef = 586449342DA661F9007EA0F8 /* KingfisherWebP */; };
		586449372DA663B8007EA0F8 /* 1.webp in Resources */ = {isa = PBXBuildFile; fileRef = 586449362DA663B8007EA0F8 /* 1.webp */; };
		586449542DAF6040007EA0F8 /* GuideMaskView.swift in Sources */ = {isa = PBXBuildFile; fileRef = 586449532DAF6040007EA0F8 /* GuideMaskView.swift */; };
		58C478E12CA545C60069CE19 /* Lottie in Frameworks */ = {isa = PBXBuildFile; productRef = 58C478E02CA545C60069CE19 /* Lottie */; };
		58C478E32CA695A60069CE19 /* MakeStickerView.swift in Sources */ = {isa = PBXBuildFile; fileRef = 58C478E22CA695A60069CE19 /* MakeStickerView.swift */; };
		58C478E52CA699150069CE19 /* MakeStickerEidtorView.swift in Sources */ = {isa = PBXBuildFile; fileRef = 58C478E42CA699150069CE19 /* MakeStickerEidtorView.swift */; };
		58C478ED2CA6A9A00069CE19 /* SnapKit in Frameworks */ = {isa = PBXBuildFile; productRef = 58C478EC2CA6A9A00069CE19 /* SnapKit */; };
		58C607642C7EFA2F00097699 /* SwiftUIPreviewApp.swift in Sources */ = {isa = PBXBuildFile; fileRef = 58C607632C7EFA2F00097699 /* SwiftUIPreviewApp.swift */; };
		58C607662C7EFA2F00097699 /* ContentView.swift in Sources */ = {isa = PBXBuildFile; fileRef = 58C607652C7EFA2F00097699 /* ContentView.swift */; };
		58C607682C7EFA3100097699 /* Assets.xcassets in Resources */ = {isa = PBXBuildFile; fileRef = 58C607672C7EFA3100097699 /* Assets.xcassets */; };
		58C6076B2C7EFA3100097699 /* Preview Assets.xcassets in Resources */ = {isa = PBXBuildFile; fileRef = 58C6076A2C7EFA3100097699 /* Preview Assets.xcassets */; };
		58C607762C7EFC5D00097699 /* skad1.plist in Resources */ = {isa = PBXBuildFile; fileRef = 58C607742C7EFC5D00097699 /* skad1.plist */; };
		58C607772C7EFC5D00097699 /* skad2.plist in Resources */ = {isa = PBXBuildFile; fileRef = 58C607752C7EFC5D00097699 /* skad2.plist */; };
		58C607792C7EFDF600097699 /* ExpandTextView.swift in Sources */ = {isa = PBXBuildFile; fileRef = 58C607782C7EFDF600097699 /* ExpandTextView.swift */; };
		58C6077B2C7EFF1C00097699 /* MoreTextView.swift in Sources */ = {isa = PBXBuildFile; fileRef = 58C6077A2C7EFF1C00097699 /* MoreTextView.swift */; };
		58C6077D2C8028C100097699 /* ColorView.swift in Sources */ = {isa = PBXBuildFile; fileRef = 58C6077C2C8028C000097699 /* ColorView.swift */; };
		58C6077F2C804DA800097699 /* ColorExtention.swift in Sources */ = {isa = PBXBuildFile; fileRef = 58C6077E2C804DA800097699 /* ColorExtention.swift */; };
		58C607812C85C04B00097699 /* FontView.swift in Sources */ = {isa = PBXBuildFile; fileRef = 58C607802C85C04B00097699 /* FontView.swift */; };
		58CBBE682D0A8753006660DC /* AttributeLabel.swift in Sources */ = {isa = PBXBuildFile; fileRef = 58CBBE672D0A8753006660DC /* AttributeLabel.swift */; };
		58CDE8572DC31CFF0015B33B /* DrawingView.swift in Sources */ = {isa = PBXBuildFile; fileRef = 58CDE8562DC31CFF0015B33B /* DrawingView.swift */; };
		58CDE85F2DC9F0490015B33B /* PKDrawingView.swift in Sources */ = {isa = PBXBuildFile; fileRef = 58CDE85E2DC9F0490015B33B /* PKDrawingView.swift */; };
		58CDE8612DCA03690015B33B /* DrawingCanvasView.swift in Sources */ = {isa = PBXBuildFile; fileRef = 58CDE8602DCA03690015B33B /* DrawingCanvasView.swift */; };
		58CDE8632DCA04550015B33B /* 2.png in Resources */ = {isa = PBXBuildFile; fileRef = 58CDE8622DCA04550015B33B /* 2.png */; };
/* End PBXBuildFile section */

/* Begin PBXContainerItemProxy section */
		5824C41B2DD7253500233597 /* PBXContainerItemProxy */ = {
			isa = PBXContainerItemProxy;
			containerPortal = 5824C3EA2DD7253500233597 /* template.xcodeproj */;
			proxyType = 2;
			remoteGlobalIDString = 58CDE8862DCC528B0015B33B;
			remoteInfo = template;
		};
		5824C41D2DD7253500233597 /* PBXContainerItemProxy */ = {
			isa = PBXContainerItemProxy;
			containerPortal = 5824C3EA2DD7253500233597 /* template.xcodeproj */;
			proxyType = 2;
			remoteGlobalIDString = 58CDE88A2DCC528B0015B33B;
			remoteInfo = "template StickerPackExtension";
		};
		584D20D12CA28E5E008CE40F /* PBXContainerItemProxy */ = {
			isa = PBXContainerItemProxy;
			containerPortal = 58C607582C7EFA2F00097699 /* Project object */;
			proxyType = 1;
			remoteGlobalIDString = 584D20C42CA28E5D008CE40F;
			remoteInfo = iMessageExt;
		};
/* End PBXContainerItemProxy section */

/* Begin PBXCopyFilesBuildPhase section */
		584D20D42CA28E5E008CE40F /* Embed Foundation Extensions */ = {
			isa = PBXCopyFilesBuildPhase;
			buildActionMask = 2147483647;
			dstPath = "";
			dstSubfolderSpec = 13;
			files = (
				584D20D32CA28E5E008CE40F /* iMessageExt.appex in Embed Foundation Extensions */,
			);
			name = "Embed Foundation Extensions";
			runOnlyForDeploymentPostprocessing = 0;
		};
/* End PBXCopyFilesBuildPhase section */

/* Begin PBXFileReference section */
		5824C3BA2DD7253500233597 /* cloud.png */ = {isa = PBXFileReference; lastKnownFileType = image.png; path = cloud.png; sourceTree = "<group>"; };
		5824C3BB2DD7253500233597 /* moon.png */ = {isa = PBXFileReference; lastKnownFileType = image.png; path = moon.png; sourceTree = "<group>"; };
		5824C3BD2DD7253500233597 /* icon-1024.png */ = {isa = PBXFileReference; lastKnownFileType = image.png; path = "icon-1024.png"; sourceTree = "<group>"; };
		5824C3BF2DD7253500233597 /* cloud.png */ = {isa = PBXFileReference; lastKnownFileType = image.png; path = cloud.png; sourceTree = "<group>"; };
		5824C3C02DD7253500233597 /* moon.png */ = {isa = PBXFileReference; lastKnownFileType = image.png; path = moon.png; sourceTree = "<group>"; };
		5824C3C22DD7253500233597 /* icon-1024.png */ = {isa = PBXFileReference; lastKnownFileType = image.png; path = "icon-1024.png"; sourceTree = "<group>"; };
		5824C3C42DD7253500233597 /* apps.csv */ = {isa = PBXFileReference; lastKnownFileType = text; path = apps.csv; sourceTree = "<group>"; };
		5824C3C62DD7253500233597 /* Fastfile */ = {isa = PBXFileReference; lastKnownFileType = text; path = Fastfile; sourceTree = "<group>"; };
		5824C3C72DD7253500233597 /* README.md */ = {isa = PBXFileReference; lastKnownFileType = net.daringfireball.markdown; path = README.md; sourceTree = "<group>"; };
		5824C3C82DD7253500233597 /* report.xml */ = {isa = PBXFileReference; lastKnownFileType = text.xml; path = report.xml; sourceTree = "<group>"; };
		5824C3E32DD7253500233597 /* Fastfile */ = {isa = PBXFileReference; lastKnownFileType = text; path = Fastfile; sourceTree = "<group>"; };
		5824C3E52DD7253500233597 /* Info.plist */ = {isa = PBXFileReference; lastKnownFileType = text.plist.xml; path = Info.plist; sourceTree = "<group>"; };
		5824C3E72DD7253500233597 /* Info.plist */ = {isa = PBXFileReference; lastKnownFileType = text.plist.xml; path = Info.plist; sourceTree = "<group>"; };
		5824C3E82DD7253500233597 /* Stickers.xcstickers */ = {isa = PBXFileReference; lastKnownFileType = folder.stickers; path = Stickers.xcstickers; sourceTree = "<group>"; };
		5824C3EA2DD7253500233597 /* template.xcodeproj */ = {isa = PBXFileReference; lastKnownFileType = "wrapper.pb-project"; path = template.xcodeproj; sourceTree = "<group>"; };
		5824C3EC2DD7253500233597 /* AuthKey_X22F658K7F.p8 */ = {isa = PBXFileReference; lastKnownFileType = text; path = AuthKey_X22F658K7F.p8; sourceTree = "<group>"; };
		5824C3ED2DD7253500233597 /* create_bundleIds.py */ = {isa = PBXFileReference; lastKnownFileType = text.script.python; path = create_bundleIds.py; sourceTree = "<group>"; };
		5824C3EE2DD7253500233597 /* Gemfile */ = {isa = PBXFileReference; lastKnownFileType = text; path = Gemfile; sourceTree = "<group>"; };
		5824C3EF2DD7253500233597 /* Gemfile.lock */ = {isa = PBXFileReference; lastKnownFileType = text; path = Gemfile.lock; sourceTree = "<group>"; };
		5824C3F02DD7253500233597 /* generate_apps.py */ = {isa = PBXFileReference; lastKnownFileType = text.script.python; path = generate_apps.py; sourceTree = "<group>"; };
		5824C3F12DD7253500233597 /* template.zip */ = {isa = PBXFileReference; lastKnownFileType = archive.zip; path = template.zip; sourceTree = "<group>"; };
		582D8FF62D1518E3004AE8DC /* WidgetKit.framework */ = {isa = PBXFileReference; lastKnownFileType = wrapper.framework; name = WidgetKit.framework; path = System/Library/Frameworks/WidgetKit.framework; sourceTree = SDKROOT; };
		582D8FF82D1518E3004AE8DC /* SwiftUI.framework */ = {isa = PBXFileReference; lastKnownFileType = wrapper.framework; name = SwiftUI.framework; path = System/Library/Frameworks/SwiftUI.framework; sourceTree = SDKROOT; };
		58324B422CB680190044C85A /* UIColorExt.swift */ = {isa = PBXFileReference; fileEncoding = 4; lastKnownFileType = sourcecode.swift; path = UIColorExt.swift; sourceTree = "<group>"; };
		58324B432CB680190044C85A /* ColorExt.swift */ = {isa = PBXFileReference; fileEncoding = 4; lastKnownFileType = sourcecode.swift; path = ColorExt.swift; sourceTree = "<group>"; };
		58324B4C2CB76BF30044C85A /* RussoOne-Regular.ttf */ = {isa = PBXFileReference; lastKnownFileType = file; path = "RussoOne-Regular.ttf"; sourceTree = "<group>"; };
		58324B4D2CB76BF30044C85A /* WendyOne-Regular.ttf */ = {isa = PBXFileReference; lastKnownFileType = file; path = "WendyOne-Regular.ttf"; sourceTree = "<group>"; };
		58324B4E2CB76BF30044C85A /* Arbutus-Regular.ttf */ = {isa = PBXFileReference; lastKnownFileType = file; path = "Arbutus-Regular.ttf"; sourceTree = "<group>"; };
		58324B4F2CB76BF30044C85A /* LeckerliOne-Regular.ttf */ = {isa = PBXFileReference; lastKnownFileType = file; path = "LeckerliOne-Regular.ttf"; sourceTree = "<group>"; };
		58324B502CB76BF30044C85A /* SpicyRice-Regular.ttf */ = {isa = PBXFileReference; lastKnownFileType = file; path = "SpicyRice-Regular.ttf"; sourceTree = "<group>"; };
		58324B522CB76BF30044C85A /* Butcherman-Regular.ttf */ = {isa = PBXFileReference; lastKnownFileType = file; path = "Butcherman-Regular.ttf"; sourceTree = "<group>"; };
		58324B532CB76BF30044C85A /* Fruktur-Regular.ttf */ = {isa = PBXFileReference; lastKnownFileType = file; path = "Fruktur-Regular.ttf"; sourceTree = "<group>"; };
		58324B542CB76BF30044C85A /* ConcertOne-Regular.ttf */ = {isa = PBXFileReference; lastKnownFileType = file; path = "ConcertOne-Regular.ttf"; sourceTree = "<group>"; };
		58324B552CB76BF40044C85A /* Lemonada-Bold.ttf */ = {isa = PBXFileReference; lastKnownFileType = file; path = "Lemonada-Bold.ttf"; sourceTree = "<group>"; };
		58324B562CB76BF40044C85A /* Piedra-Regular.ttf */ = {isa = PBXFileReference; lastKnownFileType = file; path = "Piedra-Regular.ttf"; sourceTree = "<group>"; };
		58324B572CB76BF40044C85A /* Chewy-Regular.ttf */ = {isa = PBXFileReference; lastKnownFileType = file; path = "Chewy-Regular.ttf"; sourceTree = "<group>"; };
		58324B642CB76D8C0044C85A /* Info.plist */ = {isa = PBXFileReference; lastKnownFileType = text.plist; path = Info.plist; sourceTree = "<group>"; };
		58324B672CB770C70044C85A /* PoppinsLatin-Regular.ttf */ = {isa = PBXFileReference; lastKnownFileType = file; path = "PoppinsLatin-Regular.ttf"; sourceTree = "<group>"; };
		58324B682CB770C70044C85A /* PoppinsLatin-Light.otf */ = {isa = PBXFileReference; lastKnownFileType = file; path = "PoppinsLatin-Light.otf"; sourceTree = "<group>"; };
		58324B692CB770C70044C85A /* PoppinsLatin-Medium.otf */ = {isa = PBXFileReference; lastKnownFileType = file; path = "PoppinsLatin-Medium.otf"; sourceTree = "<group>"; };
		58324B6A2CB770C70044C85A /* PoppinsLatin-ExtraBold.ttf */ = {isa = PBXFileReference; lastKnownFileType = file; path = "PoppinsLatin-ExtraBold.ttf"; sourceTree = "<group>"; };
		58324B6B2CB770C70044C85A /* PoppinsLatin-ExtraLight.otf */ = {isa = PBXFileReference; lastKnownFileType = file; path = "PoppinsLatin-ExtraLight.otf"; sourceTree = "<group>"; };
		58324B6C2CB770C70044C85A /* PoppinsLatin-Bold.otf */ = {isa = PBXFileReference; lastKnownFileType = file; path = "PoppinsLatin-Bold.otf"; sourceTree = "<group>"; };
		58324B732CB771040044C85A /* FontExt.swift */ = {isa = PBXFileReference; fileEncoding = 4; lastKnownFileType = sourcecode.swift; path = FontExt.swift; sourceTree = "<group>"; };
		58324B752CB772080044C85A /* UIFontExt.swift */ = {isa = PBXFileReference; lastKnownFileType = sourcecode.swift; path = UIFontExt.swift; sourceTree = "<group>"; };
		58324B772CB7D2A60044C85A /* MakeStickerFontView.swift */ = {isa = PBXFileReference; lastKnownFileType = sourcecode.swift; path = MakeStickerFontView.swift; sourceTree = "<group>"; };
		58324B792CB7D3240044C85A /* MakeStickerFontColorView.swift */ = {isa = PBXFileReference; lastKnownFileType = sourcecode.swift; path = MakeStickerFontColorView.swift; sourceTree = "<group>"; };
		58324B7B2CB933ED0044C85A /* MakeStickerSelectView.swift */ = {isa = PBXFileReference; lastKnownFileType = sourcecode.swift; path = MakeStickerSelectView.swift; sourceTree = "<group>"; };
		58324B7D2CBA4E290044C85A /* MakeStickerLabelsView.swift */ = {isa = PBXFileReference; lastKnownFileType = sourcecode.swift; path = MakeStickerLabelsView.swift; sourceTree = "<group>"; };
		584D20C52CA28E5D008CE40F /* iMessageExt.appex */ = {isa = PBXFileReference; explicitFileType = "wrapper.app-extension"; includeInIndex = 0; path = iMessageExt.appex; sourceTree = BUILT_PRODUCTS_DIR; };
		584D20C62CA28E5D008CE40F /* Messages.framework */ = {isa = PBXFileReference; lastKnownFileType = wrapper.framework; name = Messages.framework; path = System/Library/Frameworks/Messages.framework; sourceTree = SDKROOT; };
		584D20C92CA28E5D008CE40F /* MessagesViewController.swift */ = {isa = PBXFileReference; lastKnownFileType = sourcecode.swift; path = MessagesViewController.swift; sourceTree = "<group>"; };
		584D20CC2CA28E5D008CE40F /* Base */ = {isa = PBXFileReference; lastKnownFileType = file.storyboard; name = Base; path = Base.lproj/MainInterface.storyboard; sourceTree = "<group>"; };
		584D20CE2CA28E5E008CE40F /* Assets.xcassets */ = {isa = PBXFileReference; lastKnownFileType = folder.assetcatalog; path = Assets.xcassets; sourceTree = "<group>"; };
		584D20D02CA28E5E008CE40F /* Info.plist */ = {isa = PBXFileReference; lastKnownFileType = text.plist.xml; path = Info.plist; sourceTree = "<group>"; };
		586449362DA663B8007EA0F8 /* 1.webp */ = {isa = PBXFileReference; lastKnownFileType = file; path = 1.webp; sourceTree = "<group>"; };
		586449532DAF6040007EA0F8 /* GuideMaskView.swift */ = {isa = PBXFileReference; lastKnownFileType = sourcecode.swift; path = GuideMaskView.swift; sourceTree = "<group>"; };
		58C478E22CA695A60069CE19 /* MakeStickerView.swift */ = {isa = PBXFileReference; fileEncoding = 4; lastKnownFileType = sourcecode.swift; path = MakeStickerView.swift; sourceTree = "<group>"; };
		58C478E42CA699150069CE19 /* MakeStickerEidtorView.swift */ = {isa = PBXFileReference; fileEncoding = 4; lastKnownFileType = sourcecode.swift; path = MakeStickerEidtorView.swift; sourceTree = "<group>"; };
		58C607602C7EFA2F00097699 /* SwiftUIPreview.app */ = {isa = PBXFileReference; explicitFileType = wrapper.application; includeInIndex = 0; path = SwiftUIPreview.app; sourceTree = BUILT_PRODUCTS_DIR; };
		58C607632C7EFA2F00097699 /* SwiftUIPreviewApp.swift */ = {isa = PBXFileReference; lastKnownFileType = sourcecode.swift; path = SwiftUIPreviewApp.swift; sourceTree = "<group>"; };
		58C607652C7EFA2F00097699 /* ContentView.swift */ = {isa = PBXFileReference; lastKnownFileType = sourcecode.swift; path = ContentView.swift; sourceTree = "<group>"; };
		58C607672C7EFA3100097699 /* Assets.xcassets */ = {isa = PBXFileReference; lastKnownFileType = folder.assetcatalog; path = Assets.xcassets; sourceTree = "<group>"; };
		58C6076A2C7EFA3100097699 /* Preview Assets.xcassets */ = {isa = PBXFileReference; lastKnownFileType = folder.assetcatalog; path = "Preview Assets.xcassets"; sourceTree = "<group>"; };
		58C607742C7EFC5D00097699 /* skad1.plist */ = {isa = PBXFileReference; fileEncoding = 4; lastKnownFileType = text.plist.xml; path = skad1.plist; sourceTree = "<group>"; };
		58C607752C7EFC5D00097699 /* skad2.plist */ = {isa = PBXFileReference; fileEncoding = 4; lastKnownFileType = text.plist.xml; path = skad2.plist; sourceTree = "<group>"; };
		58C607782C7EFDF600097699 /* ExpandTextView.swift */ = {isa = PBXFileReference; fileEncoding = 4; lastKnownFileType = sourcecode.swift; path = ExpandTextView.swift; sourceTree = "<group>"; };
		58C6077A2C7EFF1C00097699 /* MoreTextView.swift */ = {isa = PBXFileReference; lastKnownFileType = sourcecode.swift; path = MoreTextView.swift; sourceTree = "<group>"; };
		58C6077C2C8028C000097699 /* ColorView.swift */ = {isa = PBXFileReference; lastKnownFileType = sourcecode.swift; path = ColorView.swift; sourceTree = "<group>"; };
		58C6077E2C804DA800097699 /* ColorExtention.swift */ = {isa = PBXFileReference; lastKnownFileType = sourcecode.swift; path = ColorExtention.swift; sourceTree = "<group>"; };
		58C607802C85C04B00097699 /* FontView.swift */ = {isa = PBXFileReference; lastKnownFileType = sourcecode.swift; path = FontView.swift; sourceTree = "<group>"; };
		58CBBE672D0A8753006660DC /* AttributeLabel.swift */ = {isa = PBXFileReference; lastKnownFileType = sourcecode.swift; path = AttributeLabel.swift; sourceTree = "<group>"; };
		58CDE8562DC31CFF0015B33B /* DrawingView.swift */ = {isa = PBXFileReference; lastKnownFileType = sourcecode.swift; path = DrawingView.swift; sourceTree = "<group>"; };
		58CDE85E2DC9F0490015B33B /* PKDrawingView.swift */ = {isa = PBXFileReference; lastKnownFileType = sourcecode.swift; path = PKDrawingView.swift; sourceTree = "<group>"; };
		58CDE8602DCA03690015B33B /* DrawingCanvasView.swift */ = {isa = PBXFileReference; lastKnownFileType = sourcecode.swift; path = DrawingCanvasView.swift; sourceTree = "<group>"; };
		58CDE8622DCA04550015B33B /* 2.png */ = {isa = PBXFileReference; lastKnownFileType = image.png; path = 2.png; sourceTree = "<group>"; };
/* End PBXFileReference section */

/* Begin PBXFrameworksBuildPhase section */
		584D20C22CA28E5D008CE40F /* Frameworks */ = {
			isa = PBXFrameworksBuildPhase;
			buildActionMask = 2147483647;
			files = (
				584D20C72CA28E5D008CE40F /* Messages.framework in Frameworks */,
			);
			runOnlyForDeploymentPostprocessing = 0;
		};
		58C6075D2C7EFA2F00097699 /* Frameworks */ = {
			isa = PBXFrameworksBuildPhase;
			buildActionMask = 2147483647;
			files = (
				58324B4A2CB682D50044C85A /* Kingfisher in Frameworks */,
				58C478E12CA545C60069CE19 /* Lottie in Frameworks */,
				586449352DA661F9007EA0F8 /* KingfisherWebP in Frameworks */,
				58C478ED2CA6A9A00069CE19 /* SnapKit in Frameworks */,
			);
			runOnlyForDeploymentPostprocessing = 0;
		};
/* End PBXFrameworksBuildPhase section */

/* Begin PBXGroup section */
		5824C3BC2DD7253500233597 /* stickers */ = {
			isa = PBXGroup;
			children = (
				5824C3BA2DD7253500233597 /* cloud.png */,
				5824C3BB2DD7253500233597 /* moon.png */,
			);
			path = stickers;
			sourceTree = "<group>";
		};
		5824C3BE2DD7253500233597 /* funnycat */ = {
			isa = PBXGroup;
			children = (
				5824C3BC2DD7253500233597 /* stickers */,
				5824C3BD2DD7253500233597 /* icon-1024.png */,
			);
			path = funnycat;
			sourceTree = "<group>";
		};
		5824C3C12DD7253500233597 /* stickers */ = {
			isa = PBXGroup;
			children = (
				5824C3BF2DD7253500233597 /* cloud.png */,
				5824C3C02DD7253500233597 /* moon.png */,
			);
			path = stickers;
			sourceTree = "<group>";
		};
		5824C3C32DD7253500233597 /* funnydog */ = {
			isa = PBXGroup;
			children = (
				5824C3C12DD7253500233597 /* stickers */,
				5824C3C22DD7253500233597 /* icon-1024.png */,
			);
			path = funnydog;
			sourceTree = "<group>";
		};
		5824C3C52DD7253500233597 /* apps_config */ = {
			isa = PBXGroup;
			children = (
				5824C3BE2DD7253500233597 /* funnycat */,
				5824C3C32DD7253500233597 /* funnydog */,
				5824C3C42DD7253500233597 /* apps.csv */,
			);
			path = apps_config;
			sourceTree = "<group>";
		};
		5824C3C92DD7253500233597 /* fastlane */ = {
			isa = PBXGroup;
			children = (
				5824C3C62DD7253500233597 /* Fastfile */,
				5824C3C72DD7253500233597 /* README.md */,
				5824C3C82DD7253500233597 /* report.xml */,
			);
			path = fastlane;
			sourceTree = "<group>";
		};
		5824C3E22DD7253500233597 /* generated_apps */ = {
			isa = PBXGroup;
			children = (
			);
			path = generated_apps;
			sourceTree = "<group>";
		};
		5824C3E42DD7253500233597 /* fastlane */ = {
			isa = PBXGroup;
			children = (
				5824C3E32DD7253500233597 /* Fastfile */,
			);
			path = fastlane;
			sourceTree = "<group>";
		};
		5824C3E62DD7253500233597 /* template */ = {
			isa = PBXGroup;
			children = (
				5824C3E52DD7253500233597 /* Info.plist */,
			);
			path = template;
			sourceTree = "<group>";
		};
		5824C3E92DD7253500233597 /* template StickerPackExtension */ = {
			isa = PBXGroup;
			children = (
				5824C3E72DD7253500233597 /* Info.plist */,
				5824C3E82DD7253500233597 /* Stickers.xcstickers */,
			);
			path = "template StickerPackExtension";
			sourceTree = "<group>";
		};
		5824C3EB2DD7253500233597 /* template */ = {
			isa = PBXGroup;
			children = (
				5824C3E42DD7253500233597 /* fastlane */,
				5824C3E62DD7253500233597 /* template */,
				5824C3E92DD7253500233597 /* template StickerPackExtension */,
				5824C3EA2DD7253500233597 /* template.xcodeproj */,
			);
			path = template;
			sourceTree = "<group>";
		};
		5824C3F22DD7253500233597 /* StickerPacks */ = {
			isa = PBXGroup;
			children = (
				5824C3C52DD7253500233597 /* apps_config */,
				5824C3C92DD7253500233597 /* fastlane */,
				5824C3E22DD7253500233597 /* generated_apps */,
				5824C3EB2DD7253500233597 /* template */,
				5824C3EC2DD7253500233597 /* AuthKey_X22F658K7F.p8 */,
				5824C3ED2DD7253500233597 /* create_bundleIds.py */,
				5824C3EE2DD7253500233597 /* Gemfile */,
				5824C3EF2DD7253500233597 /* Gemfile.lock */,
				5824C3F02DD7253500233597 /* generate_apps.py */,
				5824C3F12DD7253500233597 /* template.zip */,
			);
			path = StickerPacks;
			sourceTree = "<group>";
		};
		5824C3F32DD7253500233597 /* Products */ = {
			isa = PBXGroup;
			children = (
				5824C41C2DD7253500233597 /* template.app */,
				5824C41E2DD7253500233597 /* template StickerPackExtension.appex */,
			);
			name = Products;
			sourceTree = "<group>";
		};
		58324B462CB6801D0044C85A /* extension */ = {
			isa = PBXGroup;
			children = (
				58324B432CB680190044C85A /* ColorExt.swift */,
				58324B422CB680190044C85A /* UIColorExt.swift */,
				58324B732CB771040044C85A /* FontExt.swift */,
				58324B752CB772080044C85A /* UIFontExt.swift */,
			);
			path = extension;
			sourceTree = "<group>";
		};
		58324B4B2CB76BE50044C85A /* Fonts */ = {
			isa = PBXGroup;
			children = (
				58324B662CB7707F0044C85A /* Global */,
				58324B652CB770590044C85A /* MakeSticker */,
			);
			path = Fonts;
			sourceTree = "<group>";
		};
		58324B652CB770590044C85A /* MakeSticker */ = {
			isa = PBXGroup;
			children = (
				58324B4E2CB76BF30044C85A /* Arbutus-Regular.ttf */,
				58324B522CB76BF30044C85A /* Butcherman-Regular.ttf */,
				58324B572CB76BF40044C85A /* Chewy-Regular.ttf */,
				58324B542CB76BF30044C85A /* ConcertOne-Regular.ttf */,
				58324B532CB76BF30044C85A /* Fruktur-Regular.ttf */,
				58324B4F2CB76BF30044C85A /* LeckerliOne-Regular.ttf */,
				58324B552CB76BF40044C85A /* Lemonada-Bold.ttf */,
				58324B562CB76BF40044C85A /* Piedra-Regular.ttf */,
				58324B4C2CB76BF30044C85A /* RussoOne-Regular.ttf */,
				58324B502CB76BF30044C85A /* SpicyRice-Regular.ttf */,
				58324B4D2CB76BF30044C85A /* WendyOne-Regular.ttf */,
			);
			path = MakeSticker;
			sourceTree = "<group>";
		};
		58324B662CB7707F0044C85A /* Global */ = {
			isa = PBXGroup;
			children = (
				58324B6C2CB770C70044C85A /* PoppinsLatin-Bold.otf */,
				58324B6A2CB770C70044C85A /* PoppinsLatin-ExtraBold.ttf */,
				58324B6B2CB770C70044C85A /* PoppinsLatin-ExtraLight.otf */,
				58324B682CB770C70044C85A /* PoppinsLatin-Light.otf */,
				58324B692CB770C70044C85A /* PoppinsLatin-Medium.otf */,
				58324B672CB770C70044C85A /* PoppinsLatin-Regular.ttf */,
			);
			path = Global;
			sourceTree = "<group>";
		};
		584D20C82CA28E5D008CE40F /* iMessageExt */ = {
			isa = PBXGroup;
			children = (
				584D20C92CA28E5D008CE40F /* MessagesViewController.swift */,
				584D20CB2CA28E5D008CE40F /* MainInterface.storyboard */,
				584D20CE2CA28E5E008CE40F /* Assets.xcassets */,
				584D20D02CA28E5E008CE40F /* Info.plist */,
			);
			path = iMessageExt;
			sourceTree = "<group>";
		};
		58C607572C7EFA2F00097699 = {
			isa = PBXGroup;
			children = (
				58C607622C7EFA2F00097699 /* SwiftUIPreview */,
				584D20C82CA28E5D008CE40F /* iMessageExt */,
				5824C3F22DD7253500233597 /* StickerPacks */,
				58C607612C7EFA2F00097699 /* Products */,
				58C607712C7EFC3B00097699 /* Frameworks */,
			);
			sourceTree = "<group>";
		};
		58C607612C7EFA2F00097699 /* Products */ = {
			isa = PBXGroup;
			children = (
				58C607602C7EFA2F00097699 /* SwiftUIPreview.app */,
				584D20C52CA28E5D008CE40F /* iMessageExt.appex */,
			);
			name = Products;
			sourceTree = "<group>";
		};
		58C607622C7EFA2F00097699 /* SwiftUIPreview */ = {
			isa = PBXGroup;
			children = (
				58324B642CB76D8C0044C85A /* Info.plist */,
				58324B462CB6801D0044C85A /* extension */,
				58C607632C7EFA2F00097699 /* SwiftUIPreviewApp.swift */,
				58C607652C7EFA2F00097699 /* ContentView.swift */,
				58C607802C85C04B00097699 /* FontView.swift */,
				58C6077C2C8028C000097699 /* ColorView.swift */,
				58C6077E2C804DA800097699 /* ColorExtention.swift */,
				58C607782C7EFDF600097699 /* ExpandTextView.swift */,
				58C6077A2C7EFF1C00097699 /* MoreTextView.swift */,
				58CBBE672D0A8753006660DC /* AttributeLabel.swift */,
				58C478E22CA695A60069CE19 /* MakeStickerView.swift */,
				58C478E42CA699150069CE19 /* MakeStickerEidtorView.swift */,
				58324B772CB7D2A60044C85A /* MakeStickerFontView.swift */,
				58324B792CB7D3240044C85A /* MakeStickerFontColorView.swift */,
				58324B7B2CB933ED0044C85A /* MakeStickerSelectView.swift */,
				58324B7D2CBA4E290044C85A /* MakeStickerLabelsView.swift */,
				586449532DAF6040007EA0F8 /* GuideMaskView.swift */,
				58CDE8562DC31CFF0015B33B /* DrawingView.swift */,
				58CDE85E2DC9F0490015B33B /* PKDrawingView.swift */,
				58CDE8602DCA03690015B33B /* DrawingCanvasView.swift */,
				58324B4B2CB76BE50044C85A /* Fonts */,
				58CDE8622DCA04550015B33B /* 2.png */,
				586449362DA663B8007EA0F8 /* 1.webp */,
				58C607672C7EFA3100097699 /* Assets.xcassets */,
				58C607742C7EFC5D00097699 /* skad1.plist */,
				58C607752C7EFC5D00097699 /* skad2.plist */,
				58C607692C7EFA3100097699 /* Preview Content */,
			);
			path = SwiftUIPreview;
			sourceTree = "<group>";
		};
		58C607692C7EFA3100097699 /* Preview Content */ = {
			isa = PBXGroup;
			children = (
				58C6076A2C7EFA3100097699 /* Preview Assets.xcassets */,
			);
			path = "Preview Content";
			sourceTree = "<group>";
		};
		58C607712C7EFC3B00097699 /* Frameworks */ = {
			isa = PBXGroup;
			children = (
				584D20C62CA28E5D008CE40F /* Messages.framework */,
				582D8FF62D1518E3004AE8DC /* WidgetKit.framework */,
				582D8FF82D1518E3004AE8DC /* SwiftUI.framework */,
			);
			name = Frameworks;
			sourceTree = "<group>";
		};
/* End PBXGroup section */

/* Begin PBXNativeTarget section */
		584D20C42CA28E5D008CE40F /* iMessageExt */ = {
			isa = PBXNativeTarget;
			buildConfigurationList = 584D20D72CA28E5E008CE40F /* Build configuration list for PBXNativeTarget "iMessageExt" */;
			buildPhases = (
				584D20C12CA28E5D008CE40F /* Sources */,
				584D20C22CA28E5D008CE40F /* Frameworks */,
				584D20C32CA28E5D008CE40F /* Resources */,
			);
			buildRules = (
			);
			dependencies = (
			);
			name = iMessageExt;
			productName = iMessageExt;
			productReference = 584D20C52CA28E5D008CE40F /* iMessageExt.appex */;
			productType = "com.apple.product-type.app-extension.messages";
		};
		58C6075F2C7EFA2F00097699 /* SwiftUIPreview */ = {
			isa = PBXNativeTarget;
			buildConfigurationList = 58C6076E2C7EFA3100097699 /* Build configuration list for PBXNativeTarget "SwiftUIPreview" */;
			buildPhases = (
				58C6075C2C7EFA2F00097699 /* Sources */,
				58C6075D2C7EFA2F00097699 /* Frameworks */,
				58C6075E2C7EFA2F00097699 /* Resources */,
				584D20D42CA28E5E008CE40F /* Embed Foundation Extensions */,
			);
			buildRules = (
			);
			dependencies = (
				584D20D22CA28E5E008CE40F /* PBXTargetDependency */,
			);
			name = SwiftUIPreview;
			packageProductDependencies = (
				58C478E02CA545C60069CE19 /* Lottie */,
				58C478EC2CA6A9A00069CE19 /* SnapKit */,
				58324B492CB682D50044C85A /* Kingfisher */,
				586449342DA661F9007EA0F8 /* KingfisherWebP */,
			);
			productName = SwiftUIPreview;
			productReference = 58C607602C7EFA2F00097699 /* SwiftUIPreview.app */;
			productType = "com.apple.product-type.application";
		};
/* End PBXNativeTarget section */

/* Begin PBXProject section */
		58C607582C7EFA2F00097699 /* Project object */ = {
			isa = PBXProject;
			attributes = {
				BuildIndependentTargetsInParallel = 1;
				LastSwiftUpdateCheck = 1540;
				LastUpgradeCheck = 1540;
				TargetAttributes = {
					584D20C42CA28E5D008CE40F = {
						CreatedOnToolsVersion = 15.4;
					};
					58C6075F2C7EFA2F00097699 = {
						CreatedOnToolsVersion = 15.4;
					};
				};
			};
			buildConfigurationList = 58C6075B2C7EFA2F00097699 /* Build configuration list for PBXProject "SwiftUIPreview" */;
			compatibilityVersion = "Xcode 14.0";
			developmentRegion = en;
			hasScannedForEncodings = 0;
			knownRegions = (
				en,
				Base,
			);
			mainGroup = 58C607572C7EFA2F00097699;
			packageReferences = (
				58C478DF2CA545C60069CE19 /* XCRemoteSwiftPackageReference "lottie-spm" */,
				58C478EB2CA6A9A00069CE19 /* XCRemoteSwiftPackageReference "SnapKit" */,
				58324B482CB682D50044C85A /* XCRemoteSwiftPackageReference "Kingfisher" */,
				586449332DA661F9007EA0F8 /* XCRemoteSwiftPackageReference "KingfisherWebP" */,
			);
			productRefGroup = 58C607612C7EFA2F00097699 /* Products */;
			projectDirPath = "";
			projectReferences = (
				{
					ProductGroup = 5824C3F32DD7253500233597 /* Products */;
					ProjectRef = 5824C3EA2DD7253500233597 /* template.xcodeproj */;
				},
			);
			projectRoot = "";
			targets = (
				58C6075F2C7EFA2F00097699 /* SwiftUIPreview */,
				584D20C42CA28E5D008CE40F /* iMessageExt */,
			);
		};
/* End PBXProject section */

/* Begin PBXReferenceProxy section */
		5824C41C2DD7253500233597 /* template.app */ = {
			isa = PBXReferenceProxy;
			fileType = wrapper.application;
			path = template.app;
			remoteRef = 5824C41B2DD7253500233597 /* PBXContainerItemProxy */;
			sourceTree = BUILT_PRODUCTS_DIR;
		};
		5824C41E2DD7253500233597 /* template StickerPackExtension.appex */ = {
			isa = PBXReferenceProxy;
			fileType = "wrapper.app-extension";
			path = "template StickerPackExtension.appex";
			remoteRef = 5824C41D2DD7253500233597 /* PBXContainerItemProxy */;
			sourceTree = BUILT_PRODUCTS_DIR;
		};
/* End PBXReferenceProxy section */

/* Begin PBXResourcesBuildPhase section */
		584D20C32CA28E5D008CE40F /* Resources */ = {
			isa = PBXResourcesBuildPhase;
			buildActionMask = 2147483647;
			files = (
				584D20CF2CA28E5E008CE40F /* Assets.xcassets in Resources */,
				584D20CD2CA28E5D008CE40F /* Base in Resources */,
			);
			runOnlyForDeploymentPostprocessing = 0;
		};
		58C6075E2C7EFA2F00097699 /* Resources */ = {
			isa = PBXResourcesBuildPhase;
			buildActionMask = 2147483647;
			files = (
				58C6076B2C7EFA3100097699 /* Preview Assets.xcassets in Resources */,
				58324B6F2CB770C70044C85A /* PoppinsLatin-Medium.otf in Resources */,
				58324B592CB76BF40044C85A /* WendyOne-Regular.ttf in Resources */,
				58324B582CB76BF40044C85A /* RussoOne-Regular.ttf in Resources */,
				58324B702CB770C70044C85A /* PoppinsLatin-ExtraBold.ttf in Resources */,
				58C607762C7EFC5D00097699 /* skad1.plist in Resources */,
				58324B722CB770C70044C85A /* PoppinsLatin-Bold.otf in Resources */,
				58324B5B2CB76BF40044C85A /* LeckerliOne-Regular.ttf in Resources */,
				58324B5C2CB76BF40044C85A /* SpicyRice-Regular.ttf in Resources */,
				58C607772C7EFC5D00097699 /* skad2.plist in Resources */,
				58324B5F2CB76BF40044C85A /* Fruktur-Regular.ttf in Resources */,
				58324B632CB76BF40044C85A /* Chewy-Regular.ttf in Resources */,
				58324B712CB770C70044C85A /* PoppinsLatin-ExtraLight.otf in Resources */,
				58324B622CB76BF40044C85A /* Piedra-Regular.ttf in Resources */,
				5824C3FB2DD7253500233597 /* README.md in Resources */,
				5824C3FC2DD7253500233597 /* Gemfile.lock in Resources */,
				5824C4002DD7253500233597 /* Stickers.xcstickers in Resources */,
				5824C4012DD7253500233597 /* apps.csv in Resources */,
				5824C4052DD7253500233597 /* generate_apps.py in Resources */,
				5824C4062DD7253500233597 /* template.zip in Resources */,
				5824C4072DD7253500233597 /* Info.plist in Resources */,
				5824C4082DD7253500233597 /* cloud.png in Resources */,
				5824C40A2DD7253500233597 /* moon.png in Resources */,
				5824C40B2DD7253500233597 /* Fastfile in Resources */,
				5824C40C2DD7253500233597 /* Info.plist in Resources */,
				5824C40D2DD7253500233597 /* create_bundleIds.py in Resources */,
				5824C40E2DD7253500233597 /* icon-1024.png in Resources */,
				5824C40F2DD7253500233597 /* Gemfile in Resources */,
				5824C4102DD7253500233597 /* AuthKey_X22F658K7F.p8 in Resources */,
				5824C4122DD7253500233597 /* cloud.png in Resources */,
				5824C4132DD7253500233597 /* report.xml in Resources */,
				5824C4152DD7253500233597 /* Fastfile in Resources */,
				5824C4162DD7253500233597 /* moon.png in Resources */,
				5824C4182DD7253500233597 /* icon-1024.png in Resources */,
				58324B612CB76BF40044C85A /* Lemonada-Bold.ttf in Resources */,
				58324B6D2CB770C70044C85A /* PoppinsLatin-Regular.ttf in Resources */,
				58324B5A2CB76BF40044C85A /* Arbutus-Regular.ttf in Resources */,
				58CDE8632DCA04550015B33B /* 2.png in Resources */,
				586449372DA663B8007EA0F8 /* 1.webp in Resources */,
				58324B6E2CB770C70044C85A /* PoppinsLatin-Light.otf in Resources */,
				58C607682C7EFA3100097699 /* Assets.xcassets in Resources */,
				58324B5E2CB76BF40044C85A /* Butcherman-Regular.ttf in Resources */,
				58324B602CB76BF40044C85A /* ConcertOne-Regular.ttf in Resources */,
			);
			runOnlyForDeploymentPostprocessing = 0;
		};
/* End PBXResourcesBuildPhase section */

/* Begin PBXSourcesBuildPhase section */
		584D20C12CA28E5D008CE40F /* Sources */ = {
			isa = PBXSourcesBuildPhase;
			buildActionMask = 2147483647;
			files = (
				584D20CA2CA28E5D008CE40F /* MessagesViewController.swift in Sources */,
			);
			runOnlyForDeploymentPostprocessing = 0;
		};
		58C6075C2C7EFA2F00097699 /* Sources */ = {
			isa = PBXSourcesBuildPhase;
			buildActionMask = 2147483647;
			files = (
				58C6077F2C804DA800097699 /* ColorExtention.swift in Sources */,
				58324B782CB7D2A60044C85A /* MakeStickerFontView.swift in Sources */,
				58CDE8572DC31CFF0015B33B /* DrawingView.swift in Sources */,
				58C6077B2C7EFF1C00097699 /* MoreTextView.swift in Sources */,
				58CDE8612DCA03690015B33B /* DrawingCanvasView.swift in Sources */,
				58C607662C7EFA2F00097699 /* ContentView.swift in Sources */,
				586449542DAF6040007EA0F8 /* GuideMaskView.swift in Sources */,
				58324B7C2CB933ED0044C85A /* MakeStickerSelectView.swift in Sources */,
				58CBBE682D0A8753006660DC /* AttributeLabel.swift in Sources */,
				58324B442CB680190044C85A /* UIColorExt.swift in Sources */,
				58324B7A2CB7D3240044C85A /* MakeStickerFontColorView.swift in Sources */,
				58324B7E2CBA4E290044C85A /* MakeStickerLabelsView.swift in Sources */,
				58CDE85F2DC9F0490015B33B /* PKDrawingView.swift in Sources */,
				58C607792C7EFDF600097699 /* ExpandTextView.swift in Sources */,
				58C607642C7EFA2F00097699 /* SwiftUIPreviewApp.swift in Sources */,
				58C478E52CA699150069CE19 /* MakeStickerEidtorView.swift in Sources */,
				58324B452CB680190044C85A /* ColorExt.swift in Sources */,
				58324B742CB771040044C85A /* FontExt.swift in Sources */,
				58C607812C85C04B00097699 /* FontView.swift in Sources */,
				58324B762CB772080044C85A /* UIFontExt.swift in Sources */,
				58C6077D2C8028C100097699 /* ColorView.swift in Sources */,
				58C478E32CA695A60069CE19 /* MakeStickerView.swift in Sources */,
			);
			runOnlyForDeploymentPostprocessing = 0;
		};
/* End PBXSourcesBuildPhase section */

/* Begin PBXTargetDependency section */
		584D20D22CA28E5E008CE40F /* PBXTargetDependency */ = {
			isa = PBXTargetDependency;
			target = 584D20C42CA28E5D008CE40F /* iMessageExt */;
			targetProxy = 584D20D12CA28E5E008CE40F /* PBXContainerItemProxy */;
		};
/* End PBXTargetDependency section */

/* Begin PBXVariantGroup section */
		584D20CB2CA28E5D008CE40F /* MainInterface.storyboard */ = {
			isa = PBXVariantGroup;
			children = (
				584D20CC2CA28E5D008CE40F /* Base */,
			);
			name = MainInterface.storyboard;
			sourceTree = "<group>";
		};
/* End PBXVariantGroup section */

/* Begin XCBuildConfiguration section */
		584D20D52CA28E5E008CE40F /* Debug */ = {
			isa = XCBuildConfiguration;
			buildSettings = {
				ASSETCATALOG_COMPILER_APPICON_NAME = "iMessage App Icon";
				CODE_SIGN_STYLE = Automatic;
				CURRENT_PROJECT_VERSION = 1;
				GENERATE_INFOPLIST_FILE = YES;
				INFOPLIST_FILE = iMessageExt/Info.plist;
				INFOPLIST_KEY_CFBundleDisplayName = iMessageExt;
				INFOPLIST_KEY_NSHumanReadableCopyright = "";
				LD_RUNPATH_SEARCH_PATHS = (
					"$(inherited)",
					"@executable_path/Frameworks",
					"@executable_path/../../Frameworks",
				);
				MARKETING_VERSION = 1.0;
				PRODUCT_BUNDLE_IDENTIFIER = io.zthd.SwiftUIPreview.iMessageExt;
				PRODUCT_NAME = "$(TARGET_NAME)";
				SKIP_INSTALL = YES;
				SWIFT_EMIT_LOC_STRINGS = YES;
				SWIFT_VERSION = 5.0;
				TARGETED_DEVICE_FAMILY = "1,2";
			};
			name = Debug;
		};
		584D20D62CA28E5E008CE40F /* Release */ = {
			isa = XCBuildConfiguration;
			buildSettings = {
				ASSETCATALOG_COMPILER_APPICON_NAME = "iMessage App Icon";
				CODE_SIGN_STYLE = Automatic;
				CURRENT_PROJECT_VERSION = 1;
				GENERATE_INFOPLIST_FILE = YES;
				INFOPLIST_FILE = iMessageExt/Info.plist;
				INFOPLIST_KEY_CFBundleDisplayName = iMessageExt;
				INFOPLIST_KEY_NSHumanReadableCopyright = "";
				LD_RUNPATH_SEARCH_PATHS = (
					"$(inherited)",
					"@executable_path/Frameworks",
					"@executable_path/../../Frameworks",
				);
				MARKETING_VERSION = 1.0;
				PRODUCT_BUNDLE_IDENTIFIER = io.zthd.SwiftUIPreview.iMessageExt;
				PRODUCT_NAME = "$(TARGET_NAME)";
				SKIP_INSTALL = YES;
				SWIFT_EMIT_LOC_STRINGS = YES;
				SWIFT_VERSION = 5.0;
				TARGETED_DEVICE_FAMILY = "1,2";
			};
			name = Release;
		};
		58C6076C2C7EFA3100097699 /* Debug */ = {
			isa = XCBuildConfiguration;
			buildSettings = {
				ALWAYS_SEARCH_USER_PATHS = NO;
				ASSETCATALOG_COMPILER_GENERATE_SWIFT_ASSET_SYMBOL_EXTENSIONS = YES;
				CLANG_ANALYZER_NONNULL = YES;
				CLANG_ANALYZER_NUMBER_OBJECT_CONVERSION = YES_AGGRESSIVE;
				CLANG_CXX_LANGUAGE_STANDARD = "gnu++20";
				CLANG_ENABLE_MODULES = YES;
				CLANG_ENABLE_OBJC_ARC = YES;
				CLANG_ENABLE_OBJC_WEAK = YES;
				CLANG_WARN_BLOCK_CAPTURE_AUTORELEASING = YES;
				CLANG_WARN_BOOL_CONVERSION = YES;
				CLANG_WARN_COMMA = YES;
				CLANG_WARN_CONSTANT_CONVERSION = YES;
				CLANG_WARN_DEPRECATED_OBJC_IMPLEMENTATIONS = YES;
				CLANG_WARN_DIRECT_OBJC_ISA_USAGE = YES_ERROR;
				CLANG_WARN_DOCUMENTATION_COMMENTS = YES;
				CLANG_WARN_EMPTY_BODY = YES;
				CLANG_WARN_ENUM_CONVERSION = YES;
				CLANG_WARN_INFINITE_RECURSION = YES;
				CLANG_WARN_INT_CONVERSION = YES;
				CLANG_WARN_NON_LITERAL_NULL_CONVERSION = YES;
				CLANG_WARN_OBJC_IMPLICIT_RETAIN_SELF = YES;
				CLANG_WARN_OBJC_LITERAL_CONVERSION = YES;
				CLANG_WARN_OBJC_ROOT_CLASS = YES_ERROR;
				CLANG_WARN_QUOTED_INCLUDE_IN_FRAMEWORK_HEADER = YES;
				CLANG_WARN_RANGE_LOOP_ANALYSIS = YES;
				CLANG_WARN_STRICT_PROTOTYPES = YES;
				CLANG_WARN_SUSPICIOUS_MOVE = YES;
				CLANG_WARN_UNGUARDED_AVAILABILITY = YES_AGGRESSIVE;
				CLANG_WARN_UNREACHABLE_CODE = YES;
				CLANG_WARN__DUPLICATE_METHOD_MATCH = YES;
				COPY_PHASE_STRIP = NO;
				DEBUG_INFORMATION_FORMAT = dwarf;
				ENABLE_STRICT_OBJC_MSGSEND = YES;
				ENABLE_TESTABILITY = YES;
				ENABLE_USER_SCRIPT_SANDBOXING = YES;
				GCC_C_LANGUAGE_STANDARD = gnu17;
				GCC_DYNAMIC_NO_PIC = NO;
				GCC_NO_COMMON_BLOCKS = YES;
				GCC_OPTIMIZATION_LEVEL = 0;
				GCC_PREPROCESSOR_DEFINITIONS = (
					"DEBUG=1",
					"$(inherited)",
				);
				GCC_WARN_64_TO_32_BIT_CONVERSION = YES;
				GCC_WARN_ABOUT_RETURN_TYPE = YES_ERROR;
				GCC_WARN_UNDECLARED_SELECTOR = YES;
				GCC_WARN_UNINITIALIZED_AUTOS = YES_AGGRESSIVE;
				GCC_WARN_UNUSED_FUNCTION = YES;
				GCC_WARN_UNUSED_VARIABLE = YES;
				IPHONEOS_DEPLOYMENT_TARGET = 15.0;
				LOCALIZATION_PREFERS_STRING_CATALOGS = YES;
				MTL_ENABLE_DEBUG_INFO = INCLUDE_SOURCE;
				MTL_FAST_MATH = YES;
				ONLY_ACTIVE_ARCH = YES;
				SDKROOT = iphoneos;
				SWIFT_ACTIVE_COMPILATION_CONDITIONS = "DEBUG $(inherited)";
				SWIFT_OPTIMIZATION_LEVEL = "-Onone";
			};
			name = Debug;
		};
		58C6076D2C7EFA3100097699 /* Release */ = {
			isa = XCBuildConfiguration;
			buildSettings = {
				ALWAYS_SEARCH_USER_PATHS = NO;
				ASSETCATALOG_COMPILER_GENERATE_SWIFT_ASSET_SYMBOL_EXTENSIONS = YES;
				CLANG_ANALYZER_NONNULL = YES;
				CLANG_ANALYZER_NUMBER_OBJECT_CONVERSION = YES_AGGRESSIVE;
				CLANG_CXX_LANGUAGE_STANDARD = "gnu++20";
				CLANG_ENABLE_MODULES = YES;
				CLANG_ENABLE_OBJC_ARC = YES;
				CLANG_ENABLE_OBJC_WEAK = YES;
				CLANG_WARN_BLOCK_CAPTURE_AUTORELEASING = YES;
				CLANG_WARN_BOOL_CONVERSION = YES;
				CLANG_WARN_COMMA = YES;
				CLANG_WARN_CONSTANT_CONVERSION = YES;
				CLANG_WARN_DEPRECATED_OBJC_IMPLEMENTATIONS = YES;
				CLANG_WARN_DIRECT_OBJC_ISA_USAGE = YES_ERROR;
				CLANG_WARN_DOCUMENTATION_COMMENTS = YES;
				CLANG_WARN_EMPTY_BODY = YES;
				CLANG_WARN_ENUM_CONVERSION = YES;
				CLANG_WARN_INFINITE_RECURSION = YES;
				CLANG_WARN_INT_CONVERSION = YES;
				CLANG_WARN_NON_LITERAL_NULL_CONVERSION = YES;
				CLANG_WARN_OBJC_IMPLICIT_RETAIN_SELF = YES;
				CLANG_WARN_OBJC_LITERAL_CONVERSION = YES;
				CLANG_WARN_OBJC_ROOT_CLASS = YES_ERROR;
				CLANG_WARN_QUOTED_INCLUDE_IN_FRAMEWORK_HEADER = YES;
				CLANG_WARN_RANGE_LOOP_ANALYSIS = YES;
				CLANG_WARN_STRICT_PROTOTYPES = YES;
				CLANG_WARN_SUSPICIOUS_MOVE = YES;
				CLANG_WARN_UNGUARDED_AVAILABILITY = YES_AGGRESSIVE;
				CLANG_WARN_UNREACHABLE_CODE = YES;
				CLANG_WARN__DUPLICATE_METHOD_MATCH = YES;
				COPY_PHASE_STRIP = NO;
				DEBUG_INFORMATION_FORMAT = "dwarf-with-dsym";
				ENABLE_NS_ASSERTIONS = NO;
				ENABLE_STRICT_OBJC_MSGSEND = YES;
				ENABLE_USER_SCRIPT_SANDBOXING = YES;
				GCC_C_LANGUAGE_STANDARD = gnu17;
				GCC_NO_COMMON_BLOCKS = YES;
				GCC_WARN_64_TO_32_BIT_CONVERSION = YES;
				GCC_WARN_ABOUT_RETURN_TYPE = YES_ERROR;
				GCC_WARN_UNDECLARED_SELECTOR = YES;
				GCC_WARN_UNINITIALIZED_AUTOS = YES_AGGRESSIVE;
				GCC_WARN_UNUSED_FUNCTION = YES;
				GCC_WARN_UNUSED_VARIABLE = YES;
				IPHONEOS_DEPLOYMENT_TARGET = 15.0;
				LOCALIZATION_PREFERS_STRING_CATALOGS = YES;
				MTL_ENABLE_DEBUG_INFO = NO;
				MTL_FAST_MATH = YES;
				SDKROOT = iphoneos;
				SWIFT_COMPILATION_MODE = wholemodule;
				VALIDATE_PRODUCT = YES;
			};
			name = Release;
		};
		58C6076F2C7EFA3100097699 /* Debug */ = {
			isa = XCBuildConfiguration;
			buildSettings = {
				ALWAYS_EMBED_SWIFT_STANDARD_LIBRARIES = YES;
				ASSETCATALOG_COMPILER_APPICON_NAME = AppIcon;
				ASSETCATALOG_COMPILER_GLOBAL_ACCENT_COLOR_NAME = AccentColor;
				CODE_SIGN_STYLE = Automatic;
				CURRENT_PROJECT_VERSION = 1;
				DEVELOPMENT_ASSET_PATHS = "\"SwiftUIPreview/Preview Content\"";
				ENABLE_PREVIEWS = YES;
				GENERATE_INFOPLIST_FILE = YES;
				INFOPLIST_FILE = SwiftUIPreview/Info.plist;
				INFOPLIST_KEY_NSPhotoLibraryAddUsageDescription = 123;
				INFOPLIST_KEY_UIApplicationSceneManifest_Generation = YES;
				INFOPLIST_KEY_UIApplicationSupportsIndirectInputEvents = YES;
				INFOPLIST_KEY_UILaunchScreen_Generation = YES;
				INFOPLIST_KEY_UISupportedInterfaceOrientations_iPad = "UIInterfaceOrientationPortrait UIInterfaceOrientationPortraitUpsideDown UIInterfaceOrientationLandscapeLeft UIInterfaceOrientationLandscapeRight";
				INFOPLIST_KEY_UISupportedInterfaceOrientations_iPhone = "UIInterfaceOrientationPortrait UIInterfaceOrientationLandscapeLeft UIInterfaceOrientationLandscapeRight";
				LD_RUNPATH_SEARCH_PATHS = (
					"$(inherited)",
					"@executable_path/Frameworks",
				);
				MARKETING_VERSION = 1.0;
				PRODUCT_BUNDLE_IDENTIFIER = io.zthd.SwiftUIPreview;
				PRODUCT_NAME = "$(TARGET_NAME)";
				SWIFT_EMIT_LOC_STRINGS = YES;
				SWIFT_VERSION = 5.0;
				TARGETED_DEVICE_FAMILY = "1,2";
			};
			name = Debug;
		};
		58C607702C7EFA3100097699 /* Release */ = {
			isa = XCBuildConfiguration;
			buildSettings = {
				ALWAYS_EMBED_SWIFT_STANDARD_LIBRARIES = YES;
				ASSETCATALOG_COMPILER_APPICON_NAME = AppIcon;
				ASSETCATALOG_COMPILER_GLOBAL_ACCENT_COLOR_NAME = AccentColor;
				CODE_SIGN_STYLE = Automatic;
				CURRENT_PROJECT_VERSION = 1;
				DEVELOPMENT_ASSET_PATHS = "\"SwiftUIPreview/Preview Content\"";
				ENABLE_PREVIEWS = YES;
				GENERATE_INFOPLIST_FILE = YES;
				INFOPLIST_FILE = SwiftUIPreview/Info.plist;
				INFOPLIST_KEY_NSPhotoLibraryAddUsageDescription = 123;
				INFOPLIST_KEY_UIApplicationSceneManifest_Generation = YES;
				INFOPLIST_KEY_UIApplicationSupportsIndirectInputEvents = YES;
				INFOPLIST_KEY_UILaunchScreen_Generation = YES;
				INFOPLIST_KEY_UISupportedInterfaceOrientations_iPad = "UIInterfaceOrientationPortrait UIInterfaceOrientationPortraitUpsideDown UIInterfaceOrientationLandscapeLeft UIInterfaceOrientationLandscapeRight";
				INFOPLIST_KEY_UISupportedInterfaceOrientations_iPhone = "UIInterfaceOrientationPortrait UIInterfaceOrientationLandscapeLeft UIInterfaceOrientationLandscapeRight";
				LD_RUNPATH_SEARCH_PATHS = (
					"$(inherited)",
					"@executable_path/Frameworks",
				);
				MARKETING_VERSION = 1.0;
				PRODUCT_BUNDLE_IDENTIFIER = io.zthd.SwiftUIPreview;
				PRODUCT_NAME = "$(TARGET_NAME)";
				SWIFT_EMIT_LOC_STRINGS = YES;
				SWIFT_VERSION = 5.0;
				TARGETED_DEVICE_FAMILY = "1,2";
			};
			name = Release;
		};
/* End XCBuildConfiguration section */

/* Begin XCConfigurationList section */
		584D20D72CA28E5E008CE40F /* Build configuration list for PBXNativeTarget "iMessageExt" */ = {
			isa = XCConfigurationList;
			buildConfigurations = (
				584D20D52CA28E5E008CE40F /* Debug */,
				584D20D62CA28E5E008CE40F /* Release */,
			);
			defaultConfigurationIsVisible = 0;
			defaultConfigurationName = Release;
		};
		58C6075B2C7EFA2F00097699 /* Build configuration list for PBXProject "SwiftUIPreview" */ = {
			isa = XCConfigurationList;
			buildConfigurations = (
				58C6076C2C7EFA3100097699 /* Debug */,
				58C6076D2C7EFA3100097699 /* Release */,
			);
			defaultConfigurationIsVisible = 0;
			defaultConfigurationName = Release;
		};
		58C6076E2C7EFA3100097699 /* Build configuration list for PBXNativeTarget "SwiftUIPreview" */ = {
			isa = XCConfigurationList;
			buildConfigurations = (
				58C6076F2C7EFA3100097699 /* Debug */,
				58C607702C7EFA3100097699 /* Release */,
			);
			defaultConfigurationIsVisible = 0;
			defaultConfigurationName = Release;
		};
/* End XCConfigurationList section */

/* Begin XCRemoteSwiftPackageReference section */
		58324B482CB682D50044C85A /* XCRemoteSwiftPackageReference "Kingfisher" */ = {
			isa = XCRemoteSwiftPackageReference;
			repositoryURL = "https://github.com/onevcat/Kingfisher.git";
			requirement = {
				kind = upToNextMajorVersion;
				minimumVersion = 8.0.3;
			};
		};
		586449332DA661F9007EA0F8 /* XCRemoteSwiftPackageReference "KingfisherWebP" */ = {
			isa = XCRemoteSwiftPackageReference;
			repositoryURL = "https://github.com/yeatse/KingfisherWebP";
			requirement = {
				kind = upToNextMajorVersion;
				minimumVersion = 1.7.0;
			};
		};
		58C478DF2CA545C60069CE19 /* XCRemoteSwiftPackageReference "lottie-spm" */ = {
			isa = XCRemoteSwiftPackageReference;
			repositoryURL = "https://github.com/airbnb/lottie-spm.git";
			requirement = {
				kind = upToNextMajorVersion;
				minimumVersion = 4.5.0;
			};
		};
		58C478EB2CA6A9A00069CE19 /* XCRemoteSwiftPackageReference "SnapKit" */ = {
			isa = XCRemoteSwiftPackageReference;
			repositoryURL = "https://github.com/SnapKit/SnapKit.git";
			requirement = {
				kind = upToNextMajorVersion;
				minimumVersion = 5.7.1;
			};
		};
/* End XCRemoteSwiftPackageReference section */

/* Begin XCSwiftPackageProductDependency section */
		58324B492CB682D50044C85A /* Kingfisher */ = {
			isa = XCSwiftPackageProductDependency;
			package = 58324B482CB682D50044C85A /* XCRemoteSwiftPackageReference "Kingfisher" */;
			productName = Kingfisher;
		};
		586449342DA661F9007EA0F8 /* KingfisherWebP */ = {
			isa = XCSwiftPackageProductDependency;
			package = 586449332DA661F9007EA0F8 /* XCRemoteSwiftPackageReference "KingfisherWebP" */;
			productName = KingfisherWebP;
		};
		58C478E02CA545C60069CE19 /* Lottie */ = {
			isa = XCSwiftPackageProductDependency;
			package = 58C478DF2CA545C60069CE19 /* XCRemoteSwiftPackageReference "lottie-spm" */;
			productName = Lottie;
		};
		58C478EC2CA6A9A00069CE19 /* SnapKit */ = {
			isa = XCSwiftPackageProductDependency;
			package = 58C478EB2CA6A9A00069CE19 /* XCRemoteSwiftPackageReference "SnapKit" */;
			productName = SnapKit;
		};
/* End XCSwiftPackageProductDependency section */
	};
	rootObject = 58C607582C7EFA2F00097699 /* Project object */;
}
