// !$*UTF8*$!
{
	archiveVersion = 1;
	classes = {
	};
	objectVersion = 56;
	objects = {

/* Begin PBXBuildFile section */
		58036FD02E7A9278003C68E6 /* WebKit.framework in Frameworks */ = {isa = PBXBuildFile; fileRef = 58036FCF2E7A9278003C68E6 /* WebKit.framework */; };
		581941F22E7BF6A600C751ED /* TabTestView.swift in Sources */ = {isa = PBXBuildFile; fileRef = 581941F12E7BF6A600C751ED /* TabTestView.swift */; };
		58324B442CB680190044C85A /* UIColorExt.swift in Sources */ = {isa = PBXBuildFile; fileRef = 58324B422CB680190044C85A /* UIColorExt.swift */; };
		58324B452CB680190044C85A /* ColorExt.swift in Sources */ = {isa = PBXBuildFile; fileRef = 58324B432CB680190044C85A /* ColorExt.swift */; };
		58324B4A2CB682D50044C85A /* Kingfisher in Frameworks */ = {isa = PBXBuildFile; productRef = 58324B492CB682D50044C85A /* Kingfisher */; };
		58324B582CB76BF40044C85A /* RussoOne-Regular.ttf in Resources */ = {isa = PBXBuildFile; fileRef = 58324B4C2CB76BF30044C85A /* RussoOne-Regular.ttf */; };
		58324B592CB76BF40044C85A /* WendyOne-Regular.ttf in Resources */ = {isa = PBXBuildFile; fileRef = 58324B4D2CB76BF30044C85A /* WendyOne-Regular.ttf */; };
		58324B5A2CB76BF40044C85A /* Arbutus-Regular.ttf in Resources */ = {isa = PBXBuildFile; fileRef = 58324B4E2CB76BF30044C85A /* Arbutus-Regular.ttf */; };
		58324B5B2CB76BF40044C85A /* LeckerliOne-Regular.ttf in Resources */ = {isa = PBXBuildFile; fileRef = 58324B4F2CB76BF30044C85A /* LeckerliOne-Regular.ttf */; };
		58324B5C2CB76BF40044C85A /* SpicyRice-Regular.ttf in Resources */ = {isa = PBXBuildFile; fileRef = 58324B502CB76BF30044C85A /* SpicyRice-Regular.ttf */; };
		58324B5E2CB76BF40044C85A /* Butcherman-Regular.ttf in Resources */ = {isa = PBXBuildFile; fileRef = 58324B522CB76BF30044C85A /* Butcherman-Regular.ttf */; };
		58324B5F2CB76BF40044C85A /* Fruktur-Regular.ttf in Resources */ = {isa = PBXBuildFile; fileRef = 58324B532CB76BF30044C85A /* Fruktur-Regular.ttf */; };
		58324B602CB76BF40044C85A /* ConcertOne-Regular.ttf in Resources */ = {isa = PBXBuildFile; fileRef = 58324B542CB76BF30044C85A /* ConcertOne-Regular.ttf */; };
		58324B612CB76BF40044C85A /* Lemonada-Bold.ttf in Resources */ = {isa = PBXBuildFile; fileRef = 58324B552CB76BF40044C85A /* Lemonada-Bold.ttf */; };
		58324B622CB76BF40044C85A /* Piedra-Regular.ttf in Resources */ = {isa = PBXBuildFile; fileRef = 58324B562CB76BF40044C85A /* Piedra-Regular.ttf */; };
		58324B632CB76BF40044C85A /* Chewy-Regular.ttf in Resources */ = {isa = PBXBuildFile; fileRef = 58324B572CB76BF40044C85A /* Chewy-Regular.ttf */; };
		58324B6D2CB770C70044C85A /* PoppinsLatin-Regular.ttf in Resources */ = {isa = PBXBuildFile; fileRef = 58324B672CB770C70044C85A /* PoppinsLatin-Regular.ttf */; };
		58324B6E2CB770C70044C85A /* PoppinsLatin-Light.otf in Resources */ = {isa = PBXBuildFile; fileRef = 58324B682CB770C70044C85A /* PoppinsLatin-Light.otf */; };
		58324B6F2CB770C70044C85A /* PoppinsLatin-Medium.otf in Resources */ = {isa = PBXBuildFile; fileRef = 58324B692CB770C70044C85A /* PoppinsLatin-Medium.otf */; };
		58324B702CB770C70044C85A /* PoppinsLatin-ExtraBold.ttf in Resources */ = {isa = PBXBuildFile; fileRef = 58324B6A2CB770C70044C85A /* PoppinsLatin-ExtraBold.ttf */; };
		58324B712CB770C70044C85A /* PoppinsLatin-ExtraLight.otf in Resources */ = {isa = PBXBuildFile; fileRef = 58324B6B2CB770C70044C85A /* PoppinsLatin-ExtraLight.otf */; };
		58324B722CB770C70044C85A /* PoppinsLatin-Bold.otf in Resources */ = {isa = PBXBuildFile; fileRef = 58324B6C2CB770C70044C85A /* PoppinsLatin-Bold.otf */; };
		58324B742CB771040044C85A /* FontExt.swift in Sources */ = {isa = PBXBuildFile; fileRef = 58324B732CB771040044C85A /* FontExt.swift */; };
		58324B762CB772080044C85A /* UIFontExt.swift in Sources */ = {isa = PBXBuildFile; fileRef = 58324B752CB772080044C85A /* UIFontExt.swift */; };
		58324B782CB7D2A60044C85A /* MakeStickerFontView.swift in Sources */ = {isa = PBXBuildFile; fileRef = 58324B772CB7D2A60044C85A /* MakeStickerFontView.swift */; };
		58324B7A2CB7D3240044C85A /* MakeStickerFontColorView.swift in Sources */ = {isa = PBXBuildFile; fileRef = 58324B792CB7D3240044C85A /* MakeStickerFontColorView.swift */; };
		58324B7C2CB933ED0044C85A /* MakeStickerSelectView.swift in Sources */ = {isa = PBXBuildFile; fileRef = 58324B7B2CB933ED0044C85A /* MakeStickerSelectView.swift */; };
		58324B7E2CBA4E290044C85A /* MakeStickerLabelsView.swift in Sources */ = {isa = PBXBuildFile; fileRef = 58324B7D2CBA4E290044C85A /* MakeStickerLabelsView.swift */; };
		5837CA262F0F8B1E003AF59A /* ViewExt.swift in Sources */ = {isa = PBXBuildFile; fileRef = 5837CA252F0F8B1E003AF59A /* ViewExt.swift */; };
		583D73C12DDC7EC100D34E5D /* DragSortView.swift in Sources */ = {isa = PBXBuildFile; fileRef = 583D73C02DDC7EC100D34E5D /* DragSortView.swift */; };
		583D73C52DDC80E800D34E5D /* DragListView.swift in Sources */ = {isa = PBXBuildFile; fileRef = 583D73C42DDC80E800D34E5D /* DragListView.swift */; };
		583D74022DE43DCF00D34E5D /* OCCreateView.swift in Sources */ = {isa = PBXBuildFile; fileRef = 583D74012DE43DCF00D34E5D /* OCCreateView.swift */; };
		5854E3032E6FC991005D66EA /* GradientText.swift in Sources */ = {isa = PBXBuildFile; fileRef = 5854E3022E6FC991005D66EA /* GradientText.swift */; };
		5854E3282E6FD9B8005D66EA /* VAGRoundedNext-Black.otf in Resources */ = {isa = PBXBuildFile; fileRef = 5854E3082E6FD9B8005D66EA /* VAGRoundedNext-Black.otf */; };
		5854E33F2E7002F8005D66EA /* Localizable.strings in Resources */ = {isa = PBXBuildFile; fileRef = 5854E33D2E7002F8005D66EA /* Localizable.strings */; };
		585652052F0FB17B00FE26B0 /* Spine in Frameworks */ = {isa = PBXBuildFile; productRef = 585652042F0FB17B00FE26B0 /* Spine */; };
		585652072F0FB17B00FE26B0 /* SpineCppLite in Frameworks */ = {isa = PBXBuildFile; productRef = 585652062F0FB17B00FE26B0 /* SpineCppLite */; };
		5856520A2F0FB2B600FE26B0 /* Spine in Frameworks */ = {isa = PBXBuildFile; productRef = 585652092F0FB2B600FE26B0 /* Spine */; };
		5856520C2F0FB2B600FE26B0 /* SpineCppLite in Frameworks */ = {isa = PBXBuildFile; productRef = 5856520B2F0FB2B600FE26B0 /* SpineCppLite */; };
		586449352DA661F9007EA0F8 /* KingfisherWebP in Frameworks */ = {isa = PBXBuildFile; productRef = 586449342DA661F9007EA0F8 /* KingfisherWebP */; };
		586449372DA663B8007EA0F8 /* 1.webp in Resources */ = {isa = PBXBuildFile; fileRef = 586449362DA663B8007EA0F8 /* 1.webp */; };
		586449542DAF6040007EA0F8 /* GuideMaskView.swift in Sources */ = {isa = PBXBuildFile; fileRef = 586449532DAF6040007EA0F8 /* GuideMaskView.swift */; };
		587506DD2E53222C007E1290 /* TapLikeAnimationView.swift in Sources */ = {isa = PBXBuildFile; fileRef = 587506DC2E53222C007E1290 /* TapLikeAnimationView.swift */; };
		5875070D2E5726EE007E1290 /* TextContentView.swift in Sources */ = {isa = PBXBuildFile; fileRef = 5875070C2E5726EE007E1290 /* TextContentView.swift */; };
		5896594B2F0BA65D004616C4 /* SpineAvatar.swift in Sources */ = {isa = PBXBuildFile; fileRef = 589659382F0BA65D004616C4 /* SpineAvatar.swift */; };
		5896594C2F0BA65D004616C4 /* SpineEditorConfig.swift in Sources */ = {isa = PBXBuildFile; fileRef = 5896593D2F0BA65D004616C4 /* SpineEditorConfig.swift */; };
		5896594D2F0BA65D004616C4 /* ToningView.swift in Sources */ = {isa = PBXBuildFile; fileRef = 589659442F0BA65D004616C4 /* ToningView.swift */; };
		5896594E2F0BA65D004616C4 /* Selection.swift in Sources */ = {isa = PBXBuildFile; fileRef = 589659392F0BA65D004616C4 /* Selection.swift */; };
		5896594F2F0BA65D004616C4 /* SpineEditorViewModel.swift in Sources */ = {isa = PBXBuildFile; fileRef = 589659422F0BA65D004616C4 /* SpineEditorViewModel.swift */; };
		589659502F0BA65D004616C4 /* Export.swift in Sources */ = {isa = PBXBuildFile; fileRef = 5896593E2F0BA65D004616C4 /* Export.swift */; };
		589659512F0BA65D004616C4 /* SpineEditorView.swift in Sources */ = {isa = PBXBuildFile; fileRef = 589659412F0BA65D004616C4 /* SpineEditorView.swift */; };
		589659522F0BA65D004616C4 /* Animation.swift in Sources */ = {isa = PBXBuildFile; fileRef = 589659372F0BA65D004616C4 /* Animation.swift */; };
		589659532F0BA65D004616C4 /* Toning.swift in Sources */ = {isa = PBXBuildFile; fileRef = 5896593B2F0BA65D004616C4 /* Toning.swift */; };
		589659542F0BA65D004616C4 /* SpineUtils.swift in Sources */ = {isa = PBXBuildFile; fileRef = 589659482F0BA65D004616C4 /* SpineUtils.swift */; };
		589659552F0BA65D004616C4 /* SpineRecorder.swift in Sources */ = {isa = PBXBuildFile; fileRef = 589659432F0BA65D004616C4 /* SpineRecorder.swift */; };
		589659562F0BA65D004616C4 /* TemplateConfig.swift in Sources */ = {isa = PBXBuildFile; fileRef = 5896593A2F0BA65D004616C4 /* TemplateConfig.swift */; };
		589659572F0BA65D004616C4 /* ColorSampler.swift in Sources */ = {isa = PBXBuildFile; fileRef = 589659472F0BA65D004616C4 /* ColorSampler.swift */; };
		589659582F0BA65D004616C4 /* SelectionView.swift in Sources */ = {isa = PBXBuildFile; fileRef = 589659402F0BA65D004616C4 /* SelectionView.swift */; };
		589659702F0BB97B004616C4 /* MJbLxQ7V.json in Resources */ = {isa = PBXBuildFile; fileRef = 5896596B2F0BB97B004616C4 /* MJbLxQ7V.json */; };
		589659712F0BB97B004616C4 /* spine-MJbLxQ7V.atlas in Resources */ = {isa = PBXBuildFile; fileRef = 5896596C2F0BB97B004616C4 /* spine-MJbLxQ7V.atlas */; };
		589659722F0BB97B004616C4 /* spine-MJbLxQ7V.json in Resources */ = {isa = PBXBuildFile; fileRef = 5896596D2F0BB97B004616C4 /* spine-MJbLxQ7V.json */; };
		589659732F0BB97B004616C4 /* spine-MJbLxQ7V.png in Resources */ = {isa = PBXBuildFile; fileRef = 5896596E2F0BB97B004616C4 /* spine-MJbLxQ7V.png */; };
		589659782F0CA53B004616C4 /* hSXG11sA.json in Resources */ = {isa = PBXBuildFile; fileRef = 589659742F0CA53B004616C4 /* hSXG11sA.json */; };
		589659792F0CA53B004616C4 /* spine-hSXG11sA.png in Resources */ = {isa = PBXBuildFile; fileRef = 589659772F0CA53B004616C4 /* spine-hSXG11sA.png */; };
		5896597A2F0CA53B004616C4 /* spine-hSXG11sA.atlas in Resources */ = {isa = PBXBuildFile; fileRef = 589659752F0CA53B004616C4 /* spine-hSXG11sA.atlas */; };
		5896597B2F0CA53B004616C4 /* spine-hSXG11sA.json in Resources */ = {isa = PBXBuildFile; fileRef = 589659762F0CA53B004616C4 /* spine-hSXG11sA.json */; };
		589E2A262E869A320029894A /* TestPickerView.swift in Sources */ = {isa = PBXBuildFile; fileRef = 589E2A252E869A320029894A /* TestPickerView.swift */; };
		589E2A322E88D6310029894A /* SwiftUIIntrospect in Frameworks */ = {isa = PBXBuildFile; productRef = 589E2A312E88D6310029894A /* SwiftUIIntrospect */; };
		589E2A362E97BD810029894A /* VAGRoundedNext-Medium.otf in Resources */ = {isa = PBXBuildFile; fileRef = 589E2A352E97BD810029894A /* VAGRoundedNext-Medium.otf */; };
		589E751C2E0A4D4500EBFBEE /* swipeLeft.json in Resources */ = {isa = PBXBuildFile; fileRef = 589E751B2E0A4D4500EBFBEE /* swipeLeft.json */; };
		589E75202E0A4E4100EBFBEE /* swipeLeft1.lottie in Resources */ = {isa = PBXBuildFile; fileRef = 589E751F2E0A4E4100EBFBEE /* swipeLeft1.lottie */; };
		589E752E2E0BDB0A00EBFBEE /* TestView.swift in Sources */ = {isa = PBXBuildFile; fileRef = 589E752D2E0BDB0A00EBFBEE /* TestView.swift */; };
		58B1A1F92E372879002D26B7 /* vipWelcome.lottie in Resources */ = {isa = PBXBuildFile; fileRef = 58B1A1F82E372879002D26B7 /* vipWelcome.lottie */; };
		58C478E12CA545C60069CE19 /* Lottie in Frameworks */ = {isa = PBXBuildFile; productRef = 58C478E02CA545C60069CE19 /* Lottie */; };
		58C478E32CA695A60069CE19 /* MakeStickerView.swift in Sources */ = {isa = PBXBuildFile; fileRef = 58C478E22CA695A60069CE19 /* MakeStickerView.swift */; };
		58C478E52CA699150069CE19 /* MakeStickerEidtorView.swift in Sources */ = {isa = PBXBuildFile; fileRef = 58C478E42CA699150069CE19 /* MakeStickerEidtorView.swift */; };
		58C478ED2CA6A9A00069CE19 /* SnapKit in Frameworks */ = {isa = PBXBuildFile; productRef = 58C478EC2CA6A9A00069CE19 /* SnapKit */; };
		58C607642C7EFA2F00097699 /* SwiftUIPreviewApp.swift in Sources */ = {isa = PBXBuildFile; fileRef = 58C607632C7EFA2F00097699 /* SwiftUIPreviewApp.swift */; };
		58C607662C7EFA2F00097699 /* ContentView.swift in Sources */ = {isa = PBXBuildFile; fileRef = 58C607652C7EFA2F00097699 /* ContentView.swift */; };
		58C607682C7EFA3100097699 /* Assets.xcassets in Resources */ = {isa = PBXBuildFile; fileRef = 58C607672C7EFA3100097699 /* Assets.xcassets */; };
		58C6076B2C7EFA3100097699 /* Preview Assets.xcassets in Resources */ = {isa = PBXBuildFile; fileRef = 58C6076A2C7EFA3100097699 /* Preview Assets.xcassets */; };
		58C607762C7EFC5D00097699 /* skad1.plist in Resources */ = {isa = PBXBuildFile; fileRef = 58C607742C7EFC5D00097699 /* skad1.plist */; };
		58C607772C7EFC5D00097699 /* skad2.plist in Resources */ = {isa = PBXBuildFile; fileRef = 58C607752C7EFC5D00097699 /* skad2.plist */; };
		58C607792C7EFDF600097699 /* ExpandTextView.swift in Sources */ = {isa = PBXBuildFile; fileRef = 58C607782C7EFDF600097699 /* ExpandTextView.swift */; };
		58C6077B2C7EFF1C00097699 /* MoreTextView.swift in Sources */ = {isa = PBXBuildFile; fileRef = 58C6077A2C7EFF1C00097699 /* MoreTextView.swift */; };
		58C6077D2C8028C100097699 /* ColorView.swift in Sources */ = {isa = PBXBuildFile; fileRef = 58C6077C2C8028C000097699 /* ColorView.swift */; };
		58C6077F2C804DA800097699 /* ColorExtention.swift in Sources */ = {isa = PBXBuildFile; fileRef = 58C6077E2C804DA800097699 /* ColorExtention.swift */; };
		58C607812C85C04B00097699 /* FontView.swift in Sources */ = {isa = PBXBuildFile; fileRef = 58C607802C85C04B00097699 /* FontView.swift */; };
		58CBBE682D0A8753006660DC /* AttributeLabel.swift in Sources */ = {isa = PBXBuildFile; fileRef = 58CBBE672D0A8753006660DC /* AttributeLabel.swift */; };
		58CDE8572DC31CFF0015B33B /* DrawingView.swift in Sources */ = {isa = PBXBuildFile; fileRef = 58CDE8562DC31CFF0015B33B /* DrawingView.swift */; };
		58CDE85F2DC9F0490015B33B /* PKDrawingView.swift in Sources */ = {isa = PBXBuildFile; fileRef = 58CDE85E2DC9F0490015B33B /* PKDrawingView.swift */; };
		58CDE8612DCA03690015B33B /* DrawingCanvasView.swift in Sources */ = {isa = PBXBuildFile; fileRef = 58CDE8602DCA03690015B33B /* DrawingCanvasView.swift */; };
		58CDE8632DCA04550015B33B /* 2.png in Resources */ = {isa = PBXBuildFile; fileRef = 58CDE8622DCA04550015B33B /* 2.png */; };
		58DECDB82F0FBA6600C2623C /* Spine in Frameworks */ = {isa = PBXBuildFile; productRef = 58DECDB72F0FBA6600C2623C /* Spine */; };
		58DECDBA2F0FBA6600C2623C /* SpineCppLite in Frameworks */ = {isa = PBXBuildFile; productRef = 58DECDB92F0FBA6600C2623C /* SpineCppLite */; };
		8CAEB5378B9B3184A72DD954 /* Pods_SwiftUIPreview.framework in Frameworks */ = {isa = PBXBuildFile; fileRef = 81D45175B7538B8E60E111BA /* Pods_SwiftUIPreview.framework */; };
/* End PBXBuildFile section */

/* Begin PBXContainerItemProxy section */
		583D73EE2DDC8E3000D34E5D /* PBXContainerItemProxy */ = {
			isa = PBXContainerItemProxy;
			containerPortal = 583D73DB2DDC8E2600D34E5D /* template.xcodeproj */;
			proxyType = 2;
			remoteGlobalIDString = 58CDE8862DCC528B0015B33B;
			remoteInfo = template;
		};
		583D73F02DDC8E3000D34E5D /* PBXContainerItemProxy */ = {
			isa = PBXContainerItemProxy;
			containerPortal = 583D73DB2DDC8E2600D34E5D /* template.xcodeproj */;
			proxyType = 2;
			remoteGlobalIDString = 58CDE88A2DCC528B0015B33B;
			remoteInfo = "template StickerPackExtension";
		};
/* End PBXContainerItemProxy section */

/* Begin PBXCopyFilesBuildPhase section */
		584D20D42CA28E5E008CE40F /* Embed Foundation Extensions */ = {
			isa = PBXCopyFilesBuildPhase;
			buildActionMask = 2147483647;
			dstPath = "";
			dstSubfolderSpec = 13;
			files = (
			);
			name = "Embed Foundation Extensions";
			runOnlyForDeploymentPostprocessing = 0;
		};
/* End PBXCopyFilesBuildPhase section */

/* Begin PBXFileReference section */
		58036FCF2E7A9278003C68E6 /* WebKit.framework */ = {isa = PBXFileReference; lastKnownFileType = wrapper.framework; name = WebKit.framework; path = System/Library/Frameworks/WebKit.framework; sourceTree = SDKROOT; };
		581941F12E7BF6A600C751ED /* TabTestView.swift */ = {isa = PBXFileReference; lastKnownFileType = sourcecode.swift; path = TabTestView.swift; sourceTree = "<group>"; };
		582D8FF62D1518E3004AE8DC /* WidgetKit.framework */ = {isa = PBXFileReference; lastKnownFileType = wrapper.framework; name = WidgetKit.framework; path = System/Library/Frameworks/WidgetKit.framework; sourceTree = SDKROOT; };
		582D8FF82D1518E3004AE8DC /* SwiftUI.framework */ = {isa = PBXFileReference; lastKnownFileType = wrapper.framework; name = SwiftUI.framework; path = System/Library/Frameworks/SwiftUI.framework; sourceTree = SDKROOT; };
		58324B422CB680190044C85A /* UIColorExt.swift */ = {isa = PBXFileReference; fileEncoding = 4; lastKnownFileType = sourcecode.swift; path = UIColorExt.swift; sourceTree = "<group>"; };
		58324B432CB680190044C85A /* ColorExt.swift */ = {isa = PBXFileReference; fileEncoding = 4; lastKnownFileType = sourcecode.swift; path = ColorExt.swift; sourceTree = "<group>"; };
		58324B4C2CB76BF30044C85A /* RussoOne-Regular.ttf */ = {isa = PBXFileReference; lastKnownFileType = file; path = "RussoOne-Regular.ttf"; sourceTree = "<group>"; };
		58324B4D2CB76BF30044C85A /* WendyOne-Regular.ttf */ = {isa = PBXFileReference; lastKnownFileType = file; path = "WendyOne-Regular.ttf"; sourceTree = "<group>"; };
		58324B4E2CB76BF30044C85A /* Arbutus-Regular.ttf */ = {isa = PBXFileReference; lastKnownFileType = file; path = "Arbutus-Regular.ttf"; sourceTree = "<group>"; };
		58324B4F2CB76BF30044C85A /* LeckerliOne-Regular.ttf */ = {isa = PBXFileReference; lastKnownFileType = file; path = "LeckerliOne-Regular.ttf"; sourceTree = "<group>"; };
		58324B502CB76BF30044C85A /* SpicyRice-Regular.ttf */ = {isa = PBXFileReference; lastKnownFileType = file; path = "SpicyRice-Regular.ttf"; sourceTree = "<group>"; };
		58324B522CB76BF30044C85A /* Butcherman-Regular.ttf */ = {isa = PBXFileReference; lastKnownFileType = file; path = "Butcherman-Regular.ttf"; sourceTree = "<group>"; };
		58324B532CB76BF30044C85A /* Fruktur-Regular.ttf */ = {isa = PBXFileReference; lastKnownFileType = file; path = "Fruktur-Regular.ttf"; sourceTree = "<group>"; };
		58324B542CB76BF30044C85A /* ConcertOne-Regular.ttf */ = {isa = PBXFileReference; lastKnownFileType = file; path = "ConcertOne-Regular.ttf"; sourceTree = "<group>"; };
		58324B552CB76BF40044C85A /* Lemonada-Bold.ttf */ = {isa = PBXFileReference; lastKnownFileType = file; path = "Lemonada-Bold.ttf"; sourceTree = "<group>"; };
		58324B562CB76BF40044C85A /* Piedra-Regular.ttf */ = {isa = PBXFileReference; lastKnownFileType = file; path = "Piedra-Regular.ttf"; sourceTree = "<group>"; };
		58324B572CB76BF40044C85A /* Chewy-Regular.ttf */ = {isa = PBXFileReference; lastKnownFileType = file; path = "Chewy-Regular.ttf"; sourceTree = "<group>"; };
		58324B642CB76D8C0044C85A /* Info.plist */ = {isa = PBXFileReference; lastKnownFileType = text.plist; path = Info.plist; sourceTree = "<group>"; };
		58324B672CB770C70044C85A /* PoppinsLatin-Regular.ttf */ = {isa = PBXFileReference; lastKnownFileType = file; path = "PoppinsLatin-Regular.ttf"; sourceTree = "<group>"; };
		58324B682CB770C70044C85A /* PoppinsLatin-Light.otf */ = {isa = PBXFileReference; lastKnownFileType = file; path = "PoppinsLatin-Light.otf"; sourceTree = "<group>"; };
		58324B692CB770C70044C85A /* PoppinsLatin-Medium.otf */ = {isa = PBXFileReference; lastKnownFileType = file; path = "PoppinsLatin-Medium.otf"; sourceTree = "<group>"; };
		58324B6A2CB770C70044C85A /* PoppinsLatin-ExtraBold.ttf */ = {isa = PBXFileReference; lastKnownFileType = file; path = "PoppinsLatin-ExtraBold.ttf"; sourceTree = "<group>"; };
		58324B6B2CB770C70044C85A /* PoppinsLatin-ExtraLight.otf */ = {isa = PBXFileReference; lastKnownFileType = file; path = "PoppinsLatin-ExtraLight.otf"; sourceTree = "<group>"; };
		58324B6C2CB770C70044C85A /* PoppinsLatin-Bold.otf */ = {isa = PBXFileReference; lastKnownFileType = file; path = "PoppinsLatin-Bold.otf"; sourceTree = "<group>"; };
		58324B732CB771040044C85A /* FontExt.swift */ = {isa = PBXFileReference; fileEncoding = 4; lastKnownFileType = sourcecode.swift; path = FontExt.swift; sourceTree = "<group>"; };
		58324B752CB772080044C85A /* UIFontExt.swift */ = {isa = PBXFileReference; lastKnownFileType = sourcecode.swift; path = UIFontExt.swift; sourceTree = "<group>"; };
		58324B772CB7D2A60044C85A /* MakeStickerFontView.swift */ = {isa = PBXFileReference; lastKnownFileType = sourcecode.swift; path = MakeStickerFontView.swift; sourceTree = "<group>"; };
		58324B792CB7D3240044C85A /* MakeStickerFontColorView.swift */ = {isa = PBXFileReference; lastKnownFileType = sourcecode.swift; path = MakeStickerFontColorView.swift; sourceTree = "<group>"; };
		58324B7B2CB933ED0044C85A /* MakeStickerSelectView.swift */ = {isa = PBXFileReference; lastKnownFileType = sourcecode.swift; path = MakeStickerSelectView.swift; sourceTree = "<group>"; };
		58324B7D2CBA4E290044C85A /* MakeStickerLabelsView.swift */ = {isa = PBXFileReference; lastKnownFileType = sourcecode.swift; path = MakeStickerLabelsView.swift; sourceTree = "<group>"; };
		5837CA252F0F8B1E003AF59A /* ViewExt.swift */ = {isa = PBXFileReference; lastKnownFileType = sourcecode.swift; path = ViewExt.swift; sourceTree = "<group>"; };
		583D73C02DDC7EC100D34E5D /* DragSortView.swift */ = {isa = PBXFileReference; lastKnownFileType = sourcecode.swift; path = DragSortView.swift; sourceTree = "<group>"; };
		583D73C42DDC80E800D34E5D /* DragListView.swift */ = {isa = PBXFileReference; lastKnownFileType = sourcecode.swift; path = DragListView.swift; sourceTree = "<group>"; };
		583D73C82DDC8E2600D34E5D /* cloud.png */ = {isa = PBXFileReference; lastKnownFileType = image.png; path = cloud.png; sourceTree = "<group>"; };
		583D73C92DDC8E2600D34E5D /* moon.png */ = {isa = PBXFileReference; lastKnownFileType = image.png; path = moon.png; sourceTree = "<group>"; };
		583D73CB2DDC8E2600D34E5D /* icon-1024.png */ = {isa = PBXFileReference; lastKnownFileType = image.png; path = "icon-1024.png"; sourceTree = "<group>"; };
		583D73CD2DDC8E2600D34E5D /* apps.xlsx */ = {isa = PBXFileReference; lastKnownFileType = file; path = apps.xlsx; sourceTree = "<group>"; };
		583D73D02DDC8E2600D34E5D /* get_bundleid.rb */ = {isa = PBXFileReference; lastKnownFileType = text.script.ruby; path = get_bundleid.rb; sourceTree = "<group>"; };
		583D73D22DDC8E2600D34E5D /* Fastfile */ = {isa = PBXFileReference; lastKnownFileType = text; path = Fastfile; sourceTree = "<group>"; };
		583D73D32DDC8E2600D34E5D /* README.md */ = {isa = PBXFileReference; lastKnownFileType = net.daringfireball.markdown; path = README.md; sourceTree = "<group>"; };
		583D73D42DDC8E2600D34E5D /* report.xml */ = {isa = PBXFileReference; lastKnownFileType = text.xml; path = report.xml; sourceTree = "<group>"; };
		583D73D62DDC8E2600D34E5D /* Info.plist */ = {isa = PBXFileReference; lastKnownFileType = text.plist.xml; path = Info.plist; sourceTree = "<group>"; };
		583D73D82DDC8E2600D34E5D /* Info.plist */ = {isa = PBXFileReference; lastKnownFileType = text.plist.xml; path = Info.plist; sourceTree = "<group>"; };
		583D73D92DDC8E2600D34E5D /* Stickers.xcstickers */ = {isa = PBXFileReference; lastKnownFileType = folder.stickers; path = Stickers.xcstickers; sourceTree = "<group>"; };
		583D73DB2DDC8E2600D34E5D /* template.xcodeproj */ = {isa = PBXFileReference; lastKnownFileType = "wrapper.pb-project"; path = template.xcodeproj; sourceTree = "<group>"; };
		583D73DD2DDC8E2600D34E5D /* AuthKey_X22F658K7F.p8 */ = {isa = PBXFileReference; lastKnownFileType = text; path = AuthKey_X22F658K7F.p8; sourceTree = "<group>"; };
		583D73DE2DDC8E2600D34E5D /* build_upload.py */ = {isa = PBXFileReference; lastKnownFileType = text.script.python; path = build_upload.py; sourceTree = "<group>"; };
		583D73DF2DDC8E2600D34E5D /* create_bundleIds.py */ = {isa = PBXFileReference; lastKnownFileType = text.script.python; path = create_bundleIds.py; sourceTree = "<group>"; };
		583D73E02DDC8E2600D34E5D /* generate_apps.py */ = {isa = PBXFileReference; lastKnownFileType = text.script.python; path = generate_apps.py; sourceTree = "<group>"; };
		583D74012DE43DCF00D34E5D /* OCCreateView.swift */ = {isa = PBXFileReference; lastKnownFileType = sourcecode.swift; path = OCCreateView.swift; sourceTree = "<group>"; };
		584D20C62CA28E5D008CE40F /* Messages.framework */ = {isa = PBXFileReference; lastKnownFileType = wrapper.framework; name = Messages.framework; path = System/Library/Frameworks/Messages.framework; sourceTree = SDKROOT; };
		5854E3022E6FC991005D66EA /* GradientText.swift */ = {isa = PBXFileReference; lastKnownFileType = sourcecode.swift; path = GradientText.swift; sourceTree = "<group>"; };
		5854E3082E6FD9B8005D66EA /* VAGRoundedNext-Black.otf */ = {isa = PBXFileReference; lastKnownFileType = file; path = "VAGRoundedNext-Black.otf"; sourceTree = "<group>"; };
		5854E33E2E7002F8005D66EA /* en */ = {isa = PBXFileReference; lastKnownFileType = text.plist.strings; name = en; path = en.lproj/Localizable.strings; sourceTree = "<group>"; };
		5854E3402E7002FE005D66EA /* de */ = {isa = PBXFileReference; lastKnownFileType = text.plist.strings; name = de; path = de.lproj/Localizable.strings; sourceTree = "<group>"; };
		5854E3442E700337005D66EA /* ja */ = {isa = PBXFileReference; lastKnownFileType = text.plist.strings; name = ja; path = ja.lproj/Localizable.strings; sourceTree = "<group>"; };
		5854E3482E70034B005D66EA /* pt-BR */ = {isa = PBXFileReference; lastKnownFileType = text.plist.strings; name = "pt-BR"; path = "pt-BR.lproj/Localizable.strings"; sourceTree = "<group>"; };
		5854E34C2E700352005D66EA /* es-419 */ = {isa = PBXFileReference; lastKnownFileType = text.plist.strings; name = "es-419"; path = "es-419.lproj/Localizable.strings"; sourceTree = "<group>"; };
		586449362DA663B8007EA0F8 /* 1.webp */ = {isa = PBXFileReference; lastKnownFileType = file; path = 1.webp; sourceTree = "<group>"; };
		586449532DAF6040007EA0F8 /* GuideMaskView.swift */ = {isa = PBXFileReference; lastKnownFileType = sourcecode.swift; path = GuideMaskView.swift; sourceTree = "<group>"; };
		587506952E4F442A007E1290 /* UserNotifications.framework */ = {isa = PBXFileReference; lastKnownFileType = wrapper.framework; name = UserNotifications.framework; path = System/Library/Frameworks/UserNotifications.framework; sourceTree = SDKROOT; };
		587506972E4F442A007E1290 /* UserNotificationsUI.framework */ = {isa = PBXFileReference; lastKnownFileType = wrapper.framework; name = UserNotificationsUI.framework; path = System/Library/Frameworks/UserNotificationsUI.framework; sourceTree = SDKROOT; };
		587506DC2E53222C007E1290 /* TapLikeAnimationView.swift */ = {isa = PBXFileReference; lastKnownFileType = sourcecode.swift; path = TapLikeAnimationView.swift; sourceTree = "<group>"; };
		5875070C2E5726EE007E1290 /* TextContentView.swift */ = {isa = PBXFileReference; lastKnownFileType = sourcecode.swift; path = TextContentView.swift; sourceTree = "<group>"; };
		589659372F0BA65D004616C4 /* Animation.swift */ = {isa = PBXFileReference; lastKnownFileType = sourcecode.swift; path = Animation.swift; sourceTree = "<group>"; };
		589659382F0BA65D004616C4 /* SpineAvatar.swift */ = {isa = PBXFileReference; lastKnownFileType = sourcecode.swift; path = SpineAvatar.swift; sourceTree = "<group>"; };
		589659392F0BA65D004616C4 /* Selection.swift */ = {isa = PBXFileReference; lastKnownFileType = sourcecode.swift; path = Selection.swift; sourceTree = "<group>"; };
		5896593A2F0BA65D004616C4 /* TemplateConfig.swift */ = {isa = PBXFileReference; lastKnownFileType = sourcecode.swift; path = TemplateConfig.swift; sourceTree = "<group>"; };
		5896593B2F0BA65D004616C4 /* Toning.swift */ = {isa = PBXFileReference; lastKnownFileType = sourcecode.swift; path = Toning.swift; sourceTree = "<group>"; };
		5896593D2F0BA65D004616C4 /* SpineEditorConfig.swift */ = {isa = PBXFileReference; lastKnownFileType = sourcecode.swift; path = SpineEditorConfig.swift; sourceTree = "<group>"; };
		5896593E2F0BA65D004616C4 /* Export.swift */ = {isa = PBXFileReference; lastKnownFileType = sourcecode.swift; path = Export.swift; sourceTree = "<group>"; };
		589659402F0BA65D004616C4 /* SelectionView.swift */ = {isa = PBXFileReference; lastKnownFileType = sourcecode.swift; path = SelectionView.swift; sourceTree = "<group>"; };
		589659412F0BA65D004616C4 /* SpineEditorView.swift */ = {isa = PBXFileReference; lastKnownFileType = sourcecode.swift; path = SpineEditorView.swift; sourceTree = "<group>"; };
		589659422F0BA65D004616C4 /* SpineEditorViewModel.swift */ = {isa = PBXFileReference; lastKnownFileType = sourcecode.swift; path = SpineEditorViewModel.swift; sourceTree = "<group>"; };
		589659432F0BA65D004616C4 /* SpineRecorder.swift */ = {isa = PBXFileReference; lastKnownFileType = sourcecode.swift; path = SpineRecorder.swift; sourceTree = "<group>"; };
		589659442F0BA65D004616C4 /* ToningView.swift */ = {isa = PBXFileReference; lastKnownFileType = sourcecode.swift; path = ToningView.swift; sourceTree = "<group>"; };
		589659472F0BA65D004616C4 /* ColorSampler.swift */ = {isa = PBXFileReference; lastKnownFileType = sourcecode.swift; path = ColorSampler.swift; sourceTree = "<group>"; };
		589659482F0BA65D004616C4 /* SpineUtils.swift */ = {isa = PBXFileReference; lastKnownFileType = sourcecode.swift; path = SpineUtils.swift; sourceTree = "<group>"; };
		5896596B2F0BB97B004616C4 /* MJbLxQ7V.json */ = {isa = PBXFileReference; lastKnownFileType = text.json; path = MJbLxQ7V.json; sourceTree = "<group>"; };
		5896596C2F0BB97B004616C4 /* spine-MJbLxQ7V.atlas */ = {isa = PBXFileReference; lastKnownFileType = text; path = "spine-MJbLxQ7V.atlas"; sourceTree = "<group>"; };
		5896596D2F0BB97B004616C4 /* spine-MJbLxQ7V.json */ = {isa = PBXFileReference; lastKnownFileType = text.json; path = "spine-MJbLxQ7V.json"; sourceTree = "<group>"; };
		5896596E2F0BB97B004616C4 /* spine-MJbLxQ7V.png */ = {isa = PBXFileReference; lastKnownFileType = image.png; path = "spine-MJbLxQ7V.png"; sourceTree = "<group>"; };
		589659742F0CA53B004616C4 /* hSXG11sA.json */ = {isa = PBXFileReference; lastKnownFileType = text.json; path = hSXG11sA.json; sourceTree = "<group>"; };
		589659752F0CA53B004616C4 /* spine-hSXG11sA.atlas */ = {isa = PBXFileReference; lastKnownFileType = text; path = "spine-hSXG11sA.atlas"; sourceTree = "<group>"; };
		589659762F0CA53B004616C4 /* spine-hSXG11sA.json */ = {isa = PBXFileReference; lastKnownFileType = text.json; path = "spine-hSXG11sA.json"; sourceTree = "<group>"; };
		589659772F0CA53B004616C4 /* spine-hSXG11sA.png */ = {isa = PBXFileReference; lastKnownFileType = image.png; path = "spine-hSXG11sA.png"; sourceTree = "<group>"; };
		5896597F2F0DFF26004616C4 /* SwiftUIPreview-Bridging-Header.h */ = {isa = PBXFileReference; lastKnownFileType = sourcecode.c.h; path = "SwiftUIPreview-Bridging-Header.h"; sourceTree = "<group>"; };
		589E2A252E869A320029894A /* TestPickerView.swift */ = {isa = PBXFileReference; lastKnownFileType = sourcecode.swift; path = TestPickerView.swift; sourceTree = "<group>"; };
		589E2A352E97BD810029894A /* VAGRoundedNext-Medium.otf */ = {isa = PBXFileReference; lastKnownFileType = file; path = "VAGRoundedNext-Medium.otf"; sourceTree = "<group>"; };
		589E751B2E0A4D4500EBFBEE /* swipeLeft.json */ = {isa = PBXFileReference; lastKnownFileType = text.json; path = swipeLeft.json; sourceTree = "<group>"; };
		589E751F2E0A4E4100EBFBEE /* swipeLeft1.lottie */ = {isa = PBXFileReference; lastKnownFileType = file; path = swipeLeft1.lottie; sourceTree = "<group>"; };
		589E752D2E0BDB0A00EBFBEE /* TestView.swift */ = {isa = PBXFileReference; lastKnownFileType = sourcecode.swift; path = TestView.swift; sourceTree = "<group>"; };
		58B1A1F82E372879002D26B7 /* vipWelcome.lottie */ = {isa = PBXFileReference; lastKnownFileType = file; path = vipWelcome.lottie; sourceTree = "<group>"; };
		58C478E22CA695A60069CE19 /* MakeStickerView.swift */ = {isa = PBXFileReference; fileEncoding = 4; lastKnownFileType = sourcecode.swift; path = MakeStickerView.swift; sourceTree = "<group>"; };
		58C478E42CA699150069CE19 /* MakeStickerEidtorView.swift */ = {isa = PBXFileReference; fileEncoding = 4; lastKnownFileType = sourcecode.swift; path = MakeStickerEidtorView.swift; sourceTree = "<group>"; };
		58C607602C7EFA2F00097699 /* SwiftUIPreview.app */ = {isa = PBXFileReference; explicitFileType = wrapper.application; includeInIndex = 0; path = SwiftUIPreview.app; sourceTree = BUILT_PRODUCTS_DIR; };
		58C607632C7EFA2F00097699 /* SwiftUIPreviewApp.swift */ = {isa = PBXFileReference; lastKnownFileType = sourcecode.swift; path = SwiftUIPreviewApp.swift; sourceTree = "<group>"; };
		58C607652C7EFA2F00097699 /* ContentView.swift */ = {isa = PBXFileReference; lastKnownFileType = sourcecode.swift; path = ContentView.swift; sourceTree = "<group>"; };
		58C607672C7EFA3100097699 /* Assets.xcassets */ = {isa = PBXFileReference; lastKnownFileType = folder.assetcatalog; path = Assets.xcassets; sourceTree = "<group>"; };
		58C6076A2C7EFA3100097699 /* Preview Assets.xcassets */ = {isa = PBXFileReference; lastKnownFileType = folder.assetcatalog; path = "Preview Assets.xcassets"; sourceTree = "<group>"; };
		58C607742C7EFC5D00097699 /* skad1.plist */ = {isa = PBXFileReference; fileEncoding = 4; lastKnownFileType = text.plist.xml; path = skad1.plist; sourceTree = "<group>"; };
		58C607752C7EFC5D00097699 /* skad2.plist */ = {isa = PBXFileReference; fileEncoding = 4; lastKnownFileType = text.plist.xml; path = skad2.plist; sourceTree = "<group>"; };
		58C607782C7EFDF600097699 /* ExpandTextView.swift */ = {isa = PBXFileReference; fileEncoding = 4; lastKnownFileType = sourcecode.swift; path = ExpandTextView.swift; sourceTree = "<group>"; };
		58C6077A2C7EFF1C00097699 /* MoreTextView.swift */ = {isa = PBXFileReference; lastKnownFileType = sourcecode.swift; path = MoreTextView.swift; sourceTree = "<group>"; };
		58C6077C2C8028C000097699 /* ColorView.swift */ = {isa = PBXFileReference; lastKnownFileType = sourcecode.swift; path = ColorView.swift; sourceTree = "<group>"; };
		58C6077E2C804DA800097699 /* ColorExtention.swift */ = {isa = PBXFileReference; lastKnownFileType = sourcecode.swift; path = ColorExtention.swift; sourceTree = "<group>"; };
		58C607802C85C04B00097699 /* FontView.swift */ = {isa = PBXFileReference; lastKnownFileType = sourcecode.swift; path = FontView.swift; sourceTree = "<group>"; };
		58CBBE672D0A8753006660DC /* AttributeLabel.swift */ = {isa = PBXFileReference; lastKnownFileType = sourcecode.swift; path = AttributeLabel.swift; sourceTree = "<group>"; };
		58CDE8562DC31CFF0015B33B /* DrawingView.swift */ = {isa = PBXFileReference; lastKnownFileType = sourcecode.swift; path = DrawingView.swift; sourceTree = "<group>"; };
		58CDE85E2DC9F0490015B33B /* PKDrawingView.swift */ = {isa = PBXFileReference; lastKnownFileType = sourcecode.swift; path = PKDrawingView.swift; sourceTree = "<group>"; };
		58CDE8602DCA03690015B33B /* DrawingCanvasView.swift */ = {isa = PBXFileReference; lastKnownFileType = sourcecode.swift; path = DrawingCanvasView.swift; sourceTree = "<group>"; };
		58CDE8622DCA04550015B33B /* 2.png */ = {isa = PBXFileReference; lastKnownFileType = image.png; path = 2.png; sourceTree = "<group>"; };
		58D7AFD42E1B5C69003AF0E4 /* create_build_upload.py */ = {isa = PBXFileReference; lastKnownFileType = text.script.python; path = create_build_upload.py; sourceTree = "<group>"; };
		58D7AFF02E289D97003AF0E4 /* get_reviews.py */ = {isa = PBXFileReference; lastKnownFileType = text.script.python; path = get_reviews.py; sourceTree = "<group>"; };
		58D7AFF62E28E83E003AF0E4 /* AuthKey_9Q394F5TP7.p8 */ = {isa = PBXFileReference; lastKnownFileType = text; path = AuthKey_9Q394F5TP7.p8; sourceTree = "<group>"; };
		81D45175B7538B8E60E111BA /* Pods_SwiftUIPreview.framework */ = {isa = PBXFileReference; explicitFileType = wrapper.framework; includeInIndex = 0; path = Pods_SwiftUIPreview.framework; sourceTree = BUILT_PRODUCTS_DIR; };
		9EF3A7BD1D2948520A268DEF /* Pods-SwiftUIPreview.debug.xcconfig */ = {isa = PBXFileReference; includeInIndex = 1; lastKnownFileType = text.xcconfig; name = "Pods-SwiftUIPreview.debug.xcconfig"; path = "Target Support Files/Pods-SwiftUIPreview/Pods-SwiftUIPreview.debug.xcconfig"; sourceTree = "<group>"; };
		FB5524AD2FBFD486AC861B4C /* Pods-SwiftUIPreview.release.xcconfig */ = {isa = PBXFileReference; includeInIndex = 1; lastKnownFileType = text.xcconfig; name = "Pods-SwiftUIPreview.release.xcconfig"; path = "Target Support Files/Pods-SwiftUIPreview/Pods-SwiftUIPreview.release.xcconfig"; sourceTree = "<group>"; };
/* End PBXFileReference section */

/* Begin PBXFrameworksBuildPhase section */
		58C6075D2C7EFA2F00097699 /* Frameworks */ = {
			isa = PBXFrameworksBuildPhase;
			buildActionMask = 2147483647;
			files = (
				58DECDB82F0FBA6600C2623C /* Spine in Frameworks */,
				5856520A2F0FB2B600FE26B0 /* Spine in Frameworks */,
				58324B4A2CB682D50044C85A /* Kingfisher in Frameworks */,
				58C478E12CA545C60069CE19 /* Lottie in Frameworks */,
				58036FD02E7A9278003C68E6 /* WebKit.framework in Frameworks */,
				589E2A322E88D6310029894A /* SwiftUIIntrospect in Frameworks */,
				5856520C2F0FB2B600FE26B0 /* SpineCppLite in Frameworks */,
				58DECDBA2F0FBA6600C2623C /* SpineCppLite in Frameworks */,
				585652052F0FB17B00FE26B0 /* Spine in Frameworks */,
				586449352DA661F9007EA0F8 /* KingfisherWebP in Frameworks */,
				58C478ED2CA6A9A00069CE19 /* SnapKit in Frameworks */,
				8CAEB5378B9B3184A72DD954 /* Pods_SwiftUIPreview.framework in Frameworks */,
				585652072F0FB17B00FE26B0 /* SpineCppLite in Frameworks */,
			);
			runOnlyForDeploymentPostprocessing = 0;
		};
/* End PBXFrameworksBuildPhase section */

/* Begin PBXGroup section */
		58324B462CB6801D0044C85A /* extension */ = {
			isa = PBXGroup;
			children = (
				58324B432CB680190044C85A /* ColorExt.swift */,
				58324B422CB680190044C85A /* UIColorExt.swift */,
				58324B732CB771040044C85A /* FontExt.swift */,
				58324B752CB772080044C85A /* UIFontExt.swift */,
				5837CA252F0F8B1E003AF59A /* ViewExt.swift */,
			);
			path = extension;
			sourceTree = "<group>";
		};
		58324B4B2CB76BE50044C85A /* Fonts */ = {
			isa = PBXGroup;
			children = (
				58324B662CB7707F0044C85A /* Global */,
				58324B652CB770590044C85A /* MakeSticker */,
			);
			path = Fonts;
			sourceTree = "<group>";
		};
		58324B652CB770590044C85A /* MakeSticker */ = {
			isa = PBXGroup;
			children = (
				58324B4E2CB76BF30044C85A /* Arbutus-Regular.ttf */,
				58324B522CB76BF30044C85A /* Butcherman-Regular.ttf */,
				58324B572CB76BF40044C85A /* Chewy-Regular.ttf */,
				58324B542CB76BF30044C85A /* ConcertOne-Regular.ttf */,
				58324B532CB76BF30044C85A /* Fruktur-Regular.ttf */,
				58324B4F2CB76BF30044C85A /* LeckerliOne-Regular.ttf */,
				58324B552CB76BF40044C85A /* Lemonada-Bold.ttf */,
				58324B562CB76BF40044C85A /* Piedra-Regular.ttf */,
				58324B4C2CB76BF30044C85A /* RussoOne-Regular.ttf */,
				58324B502CB76BF30044C85A /* SpicyRice-Regular.ttf */,
				58324B4D2CB76BF30044C85A /* WendyOne-Regular.ttf */,
			);
			path = MakeSticker;
			sourceTree = "<group>";
		};
		58324B662CB7707F0044C85A /* Global */ = {
			isa = PBXGroup;
			children = (
				589E2A352E97BD810029894A /* VAGRoundedNext-Medium.otf */,
				5854E3082E6FD9B8005D66EA /* VAGRoundedNext-Black.otf */,
				58324B6C2CB770C70044C85A /* PoppinsLatin-Bold.otf */,
				58324B6A2CB770C70044C85A /* PoppinsLatin-ExtraBold.ttf */,
				58324B6B2CB770C70044C85A /* PoppinsLatin-ExtraLight.otf */,
				58324B682CB770C70044C85A /* PoppinsLatin-Light.otf */,
				58324B692CB770C70044C85A /* PoppinsLatin-Medium.otf */,
				58324B672CB770C70044C85A /* PoppinsLatin-Regular.ttf */,
			);
			path = Global;
			sourceTree = "<group>";
		};
		583D73CA2DDC8E2600D34E5D /* stickers */ = {
			isa = PBXGroup;
			children = (
				583D73C82DDC8E2600D34E5D /* cloud.png */,
				583D73C92DDC8E2600D34E5D /* moon.png */,
			);
			path = stickers;
			sourceTree = "<group>";
		};
		583D73CC2DDC8E2600D34E5D /* funnycat */ = {
			isa = PBXGroup;
			children = (
				583D73CA2DDC8E2600D34E5D /* stickers */,
				583D73CB2DDC8E2600D34E5D /* icon-1024.png */,
			);
			path = funnycat;
			sourceTree = "<group>";
		};
		583D73CE2DDC8E2600D34E5D /* apps_config */ = {
			isa = PBXGroup;
			children = (
				583D73CC2DDC8E2600D34E5D /* funnycat */,
				583D73CD2DDC8E2600D34E5D /* apps.xlsx */,
			);
			path = apps_config;
			sourceTree = "<group>";
		};
		583D73CF2DDC8E2600D34E5D /* generated_apps */ = {
			isa = PBXGroup;
			children = (
			);
			path = generated_apps;
			sourceTree = "<group>";
		};
		583D73D12DDC8E2600D34E5D /* actions */ = {
			isa = PBXGroup;
			children = (
				583D73D02DDC8E2600D34E5D /* get_bundleid.rb */,
			);
			path = actions;
			sourceTree = "<group>";
		};
		583D73D52DDC8E2600D34E5D /* fastlane */ = {
			isa = PBXGroup;
			children = (
				583D73D12DDC8E2600D34E5D /* actions */,
				583D73D22DDC8E2600D34E5D /* Fastfile */,
				583D73D32DDC8E2600D34E5D /* README.md */,
				583D73D42DDC8E2600D34E5D /* report.xml */,
			);
			path = fastlane;
			sourceTree = "<group>";
		};
		583D73D72DDC8E2600D34E5D /* template */ = {
			isa = PBXGroup;
			children = (
				583D73D62DDC8E2600D34E5D /* Info.plist */,
			);
			path = template;
			sourceTree = "<group>";
		};
		583D73DA2DDC8E2600D34E5D /* template StickerPackExtension */ = {
			isa = PBXGroup;
			children = (
				583D73D82DDC8E2600D34E5D /* Info.plist */,
				583D73D92DDC8E2600D34E5D /* Stickers.xcstickers */,
			);
			path = "template StickerPackExtension";
			sourceTree = "<group>";
		};
		583D73DC2DDC8E2600D34E5D /* template */ = {
			isa = PBXGroup;
			children = (
				583D73D52DDC8E2600D34E5D /* fastlane */,
				583D73D72DDC8E2600D34E5D /* template */,
				583D73DA2DDC8E2600D34E5D /* template StickerPackExtension */,
				583D73DB2DDC8E2600D34E5D /* template.xcodeproj */,
			);
			path = template;
			sourceTree = "<group>";
		};
		583D73E12DDC8E2600D34E5D /* StickerPacks */ = {
			isa = PBXGroup;
			children = (
				583D73CE2DDC8E2600D34E5D /* apps_config */,
				583D73CF2DDC8E2600D34E5D /* generated_apps */,
				583D73DC2DDC8E2600D34E5D /* template */,
				583D73DD2DDC8E2600D34E5D /* AuthKey_X22F658K7F.p8 */,
				583D73DE2DDC8E2600D34E5D /* build_upload.py */,
				583D73DF2DDC8E2600D34E5D /* create_bundleIds.py */,
				58D7AFD42E1B5C69003AF0E4 /* create_build_upload.py */,
				583D73E02DDC8E2600D34E5D /* generate_apps.py */,
			);
			path = StickerPacks;
			sourceTree = "<group>";
		};
		583D73EA2DDC8E3000D34E5D /* Products */ = {
			isa = PBXGroup;
			children = (
				583D73EF2DDC8E3000D34E5D /* template.app */,
				583D73F12DDC8E3000D34E5D /* template StickerPackExtension.appex */,
			);
			name = Products;
			sourceTree = "<group>";
		};
		5896593C2F0BA65D004616C4 /* data */ = {
			isa = PBXGroup;
			children = (
				589659372F0BA65D004616C4 /* Animation.swift */,
				589659382F0BA65D004616C4 /* SpineAvatar.swift */,
				589659392F0BA65D004616C4 /* Selection.swift */,
				5896593A2F0BA65D004616C4 /* TemplateConfig.swift */,
				5896593B2F0BA65D004616C4 /* Toning.swift */,
			);
			path = data;
			sourceTree = "<group>";
		};
		5896593F2F0BA65D004616C4 /* model */ = {
			isa = PBXGroup;
			children = (
				5896593D2F0BA65D004616C4 /* SpineEditorConfig.swift */,
				5896593E2F0BA65D004616C4 /* Export.swift */,
			);
			path = model;
			sourceTree = "<group>";
		};
		589659452F0BA65D004616C4 /* editor */ = {
			isa = PBXGroup;
			children = (
				5896593F2F0BA65D004616C4 /* model */,
				589659402F0BA65D004616C4 /* SelectionView.swift */,
				589659412F0BA65D004616C4 /* SpineEditorView.swift */,
				589659422F0BA65D004616C4 /* SpineEditorViewModel.swift */,
				589659432F0BA65D004616C4 /* SpineRecorder.swift */,
				589659442F0BA65D004616C4 /* ToningView.swift */,
			);
			path = editor;
			sourceTree = "<group>";
		};
		589659462F0BA65D004616C4 /* ui */ = {
			isa = PBXGroup;
			children = (
				589659452F0BA65D004616C4 /* editor */,
			);
			path = ui;
			sourceTree = "<group>";
		};
		589659492F0BA65D004616C4 /* utils */ = {
			isa = PBXGroup;
			children = (
				589659472F0BA65D004616C4 /* ColorSampler.swift */,
				589659482F0BA65D004616C4 /* SpineUtils.swift */,
			);
			path = utils;
			sourceTree = "<group>";
		};
		5896594A2F0BA65D004616C4 /* spine 2 */ = {
			isa = PBXGroup;
			children = (
				5896596F2F0BB97B004616C4 /* hSXG11sA */,
				5896593C2F0BA65D004616C4 /* data */,
				589659462F0BA65D004616C4 /* ui */,
				589659492F0BA65D004616C4 /* utils */,
			);
			path = "spine 2";
			sourceTree = "<group>";
		};
		5896596F2F0BB97B004616C4 /* hSXG11sA */ = {
			isa = PBXGroup;
			children = (
				5896596B2F0BB97B004616C4 /* MJbLxQ7V.json */,
				5896596C2F0BB97B004616C4 /* spine-MJbLxQ7V.atlas */,
				5896596D2F0BB97B004616C4 /* spine-MJbLxQ7V.json */,
				5896596E2F0BB97B004616C4 /* spine-MJbLxQ7V.png */,
				589659742F0CA53B004616C4 /* hSXG11sA.json */,
				589659752F0CA53B004616C4 /* spine-hSXG11sA.atlas */,
				589659762F0CA53B004616C4 /* spine-hSXG11sA.json */,
				589659772F0CA53B004616C4 /* spine-hSXG11sA.png */,
			);
			path = hSXG11sA;
			sourceTree = "<group>";
		};
		58C607572C7EFA2F00097699 = {
			isa = PBXGroup;
			children = (
				58D7AFED2E289D48003AF0E4 /* Neku */,
				58C607622C7EFA2F00097699 /* SwiftUIPreview */,
				583D73E12DDC8E2600D34E5D /* StickerPacks */,
				58C607612C7EFA2F00097699 /* Products */,
				58C607712C7EFC3B00097699 /* Frameworks */,
				7F8CCEF331F831FAAD94DDA5 /* Pods */,
			);
			sourceTree = "<group>";
		};
		58C607612C7EFA2F00097699 /* Products */ = {
			isa = PBXGroup;
			children = (
				58C607602C7EFA2F00097699 /* SwiftUIPreview.app */,
			);
			name = Products;
			sourceTree = "<group>";
		};
		58C607622C7EFA2F00097699 /* SwiftUIPreview */ = {
			isa = PBXGroup;
			children = (
				5896594A2F0BA65D004616C4 /* spine 2 */,
				58324B642CB76D8C0044C85A /* Info.plist */,
				58324B462CB6801D0044C85A /* extension */,
				58C607632C7EFA2F00097699 /* SwiftUIPreviewApp.swift */,
				58C607652C7EFA2F00097699 /* ContentView.swift */,
				58C607802C85C04B00097699 /* FontView.swift */,
				58C6077C2C8028C000097699 /* ColorView.swift */,
				58C6077E2C804DA800097699 /* ColorExtention.swift */,
				58C607782C7EFDF600097699 /* ExpandTextView.swift */,
				58C6077A2C7EFF1C00097699 /* MoreTextView.swift */,
				58CBBE672D0A8753006660DC /* AttributeLabel.swift */,
				58C478E22CA695A60069CE19 /* MakeStickerView.swift */,
				58C478E42CA699150069CE19 /* MakeStickerEidtorView.swift */,
				58324B772CB7D2A60044C85A /* MakeStickerFontView.swift */,
				58324B792CB7D3240044C85A /* MakeStickerFontColorView.swift */,
				58324B7B2CB933ED0044C85A /* MakeStickerSelectView.swift */,
				58324B7D2CBA4E290044C85A /* MakeStickerLabelsView.swift */,
				586449532DAF6040007EA0F8 /* GuideMaskView.swift */,
				58CDE8562DC31CFF0015B33B /* DrawingView.swift */,
				58CDE85E2DC9F0490015B33B /* PKDrawingView.swift */,
				58CDE8602DCA03690015B33B /* DrawingCanvasView.swift */,
				583D73C02DDC7EC100D34E5D /* DragSortView.swift */,
				583D73C42DDC80E800D34E5D /* DragListView.swift */,
				583D74012DE43DCF00D34E5D /* OCCreateView.swift */,
				589E752D2E0BDB0A00EBFBEE /* TestView.swift */,
				589E2A252E869A320029894A /* TestPickerView.swift */,
				581941F12E7BF6A600C751ED /* TabTestView.swift */,
				5854E3022E6FC991005D66EA /* GradientText.swift */,
				587506DC2E53222C007E1290 /* TapLikeAnimationView.swift */,
				5875070C2E5726EE007E1290 /* TextContentView.swift */,
				58324B4B2CB76BE50044C85A /* Fonts */,
				58CDE8622DCA04550015B33B /* 2.png */,
				586449362DA663B8007EA0F8 /* 1.webp */,
				589E751B2E0A4D4500EBFBEE /* swipeLeft.json */,
				589E751F2E0A4E4100EBFBEE /* swipeLeft1.lottie */,
				58B1A1F82E372879002D26B7 /* vipWelcome.lottie */,
				58C607672C7EFA3100097699 /* Assets.xcassets */,
				58C607742C7EFC5D00097699 /* skad1.plist */,
				58C607752C7EFC5D00097699 /* skad2.plist */,
				5854E33D2E7002F8005D66EA /* Localizable.strings */,
				58C607692C7EFA3100097699 /* Preview Content */,
				5896597F2F0DFF26004616C4 /* SwiftUIPreview-Bridging-Header.h */,
			);
			path = SwiftUIPreview;
			sourceTree = "<group>";
		};
		58C607692C7EFA3100097699 /* Preview Content */ = {
			isa = PBXGroup;
			children = (
				58C6076A2C7EFA3100097699 /* Preview Assets.xcassets */,
			);
			path = "Preview Content";
			sourceTree = "<group>";
		};
		58C607712C7EFC3B00097699 /* Frameworks */ = {
			isa = PBXGroup;
			children = (
				58036FCF2E7A9278003C68E6 /* WebKit.framework */,
				584D20C62CA28E5D008CE40F /* Messages.framework */,
				582D8FF62D1518E3004AE8DC /* WidgetKit.framework */,
				582D8FF82D1518E3004AE8DC /* SwiftUI.framework */,
				587506952E4F442A007E1290 /* UserNotifications.framework */,
				587506972E4F442A007E1290 /* UserNotificationsUI.framework */,
				81D45175B7538B8E60E111BA /* Pods_SwiftUIPreview.framework */,
			);
			name = Frameworks;
			sourceTree = "<group>";
		};
		58D7AFED2E289D48003AF0E4 /* Neku */ = {
			isa = PBXGroup;
			children = (
				58D7AFF02E289D97003AF0E4 /* get_reviews.py */,
				58D7AFF62E28E83E003AF0E4 /* AuthKey_9Q394F5TP7.p8 */,
			);
			path = Neku;
			sourceTree = "<group>";
		};
		7F8CCEF331F831FAAD94DDA5 /* Pods */ = {
			isa = PBXGroup;
			children = (
				9EF3A7BD1D2948520A268DEF /* Pods-SwiftUIPreview.debug.xcconfig */,
				FB5524AD2FBFD486AC861B4C /* Pods-SwiftUIPreview.release.xcconfig */,
			);
			path = Pods;
			sourceTree = "<group>";
		};
/* End PBXGroup section */

/* Begin PBXNativeTarget section */
		58C6075F2C7EFA2F00097699 /* SwiftUIPreview */ = {
			isa = PBXNativeTarget;
			buildConfigurationList = 58C6076E2C7EFA3100097699 /* Build configuration list for PBXNativeTarget "SwiftUIPreview" */;
			buildPhases = (
				5B91F1B9FD918179B75B5719 /* [CP] Check Pods Manifest.lock */,
				58C6075C2C7EFA2F00097699 /* Sources */,
				58C6075D2C7EFA2F00097699 /* Frameworks */,
				58C6075E2C7EFA2F00097699 /* Resources */,
				584D20D42CA28E5E008CE40F /* Embed Foundation Extensions */,
			);
			buildRules = (
			);
			dependencies = (
			);
			name = SwiftUIPreview;
			packageProductDependencies = (
				58C478E02CA545C60069CE19 /* Lottie */,
				58C478EC2CA6A9A00069CE19 /* SnapKit */,
				58324B492CB682D50044C85A /* Kingfisher */,
				586449342DA661F9007EA0F8 /* KingfisherWebP */,
				589E2A312E88D6310029894A /* SwiftUIIntrospect */,
				585652042F0FB17B00FE26B0 /* Spine */,
				585652062F0FB17B00FE26B0 /* SpineCppLite */,
				585652092F0FB2B600FE26B0 /* Spine */,
				5856520B2F0FB2B600FE26B0 /* SpineCppLite */,
				58DECDB72F0FBA6600C2623C /* Spine */,
				58DECDB92F0FBA6600C2623C /* SpineCppLite */,
			);
			productName = SwiftUIPreview;
			productReference = 58C607602C7EFA2F00097699 /* SwiftUIPreview.app */;
			productType = "com.apple.product-type.application";
		};
/* End PBXNativeTarget section */

/* Begin PBXProject section */
		58C607582C7EFA2F00097699 /* Project object */ = {
			isa = PBXProject;
			attributes = {
				BuildIndependentTargetsInParallel = 1;
				LastSwiftUpdateCheck = 1620;
				LastUpgradeCheck = 1540;
				TargetAttributes = {
					58C6075F2C7EFA2F00097699 = {
						CreatedOnToolsVersion = 15.4;
						LastSwiftMigration = 1620;
					};
				};
			};
			buildConfigurationList = 58C6075B2C7EFA2F00097699 /* Build configuration list for PBXProject "SwiftUIPreview" */;
			compatibilityVersion = "Xcode 14.0";
			developmentRegion = en;
			hasScannedForEncodings = 0;
			knownRegions = (
				en,
				Base,
				de,
				ja,
				"pt-BR",
				"es-419",
			);
			mainGroup = 58C607572C7EFA2F00097699;
			packageReferences = (
				58C478DF2CA545C60069CE19 /* XCRemoteSwiftPackageReference "lottie-spm" */,
				58C478EB2CA6A9A00069CE19 /* XCRemoteSwiftPackageReference "SnapKit" */,
				58324B482CB682D50044C85A /* XCRemoteSwiftPackageReference "Kingfisher" */,
				586449332DA661F9007EA0F8 /* XCRemoteSwiftPackageReference "KingfisherWebP" */,
				589E2A302E88D6310029894A /* XCRemoteSwiftPackageReference "swiftui-introspect" */,
				58DECDB62F0FBA6600C2623C /* XCRemoteSwiftPackageReference "spine-runtimes" */,
			);
			productRefGroup = 58C607612C7EFA2F00097699 /* Products */;
			projectDirPath = "";
			projectReferences = (
				{
					ProductGroup = 583D73EA2DDC8E3000D34E5D /* Products */;
					ProjectRef = 583D73DB2DDC8E2600D34E5D /* template.xcodeproj */;
				},
			);
			projectRoot = "";
			targets = (
				58C6075F2C7EFA2F00097699 /* SwiftUIPreview */,
			);
		};
/* End PBXProject section */

/* Begin PBXReferenceProxy section */
		583D73EF2DDC8E3000D34E5D /* template.app */ = {
			isa = PBXReferenceProxy;
			fileType = wrapper.application;
			path = template.app;
			remoteRef = 583D73EE2DDC8E3000D34E5D /* PBXContainerItemProxy */;
			sourceTree = BUILT_PRODUCTS_DIR;
		};
		583D73F12DDC8E3000D34E5D /* template StickerPackExtension.appex */ = {
			isa = PBXReferenceProxy;
			fileType = "wrapper.app-extension";
			path = "template StickerPackExtension.appex";
			remoteRef = 583D73F02DDC8E3000D34E5D /* PBXContainerItemProxy */;
			sourceTree = BUILT_PRODUCTS_DIR;
		};
/* End PBXReferenceProxy section */

/* Begin PBXResourcesBuildPhase section */
		58C6075E2C7EFA2F00097699 /* Resources */ = {
			isa = PBXResourcesBuildPhase;
			buildActionMask = 2147483647;
			files = (
				58C6076B2C7EFA3100097699 /* Preview Assets.xcassets in Resources */,
				58324B6F2CB770C70044C85A /* PoppinsLatin-Medium.otf in Resources */,
				58324B592CB76BF40044C85A /* WendyOne-Regular.ttf in Resources */,
				58324B582CB76BF40044C85A /* RussoOne-Regular.ttf in Resources */,
				58324B702CB770C70044C85A /* PoppinsLatin-ExtraBold.ttf in Resources */,
				58C607762C7EFC5D00097699 /* skad1.plist in Resources */,
				58324B722CB770C70044C85A /* PoppinsLatin-Bold.otf in Resources */,
				58324B5B2CB76BF40044C85A /* LeckerliOne-Regular.ttf in Resources */,
				58324B5C2CB76BF40044C85A /* SpicyRice-Regular.ttf in Resources */,
				589E751C2E0A4D4500EBFBEE /* swipeLeft.json in Resources */,
				5854E33F2E7002F8005D66EA /* Localizable.strings in Resources */,
				58B1A1F92E372879002D26B7 /* vipWelcome.lottie in Resources */,
				58C607772C7EFC5D00097699 /* skad2.plist in Resources */,
				58324B5F2CB76BF40044C85A /* Fruktur-Regular.ttf in Resources */,
				589E75202E0A4E4100EBFBEE /* swipeLeft1.lottie in Resources */,
				58324B632CB76BF40044C85A /* Chewy-Regular.ttf in Resources */,
				58324B712CB770C70044C85A /* PoppinsLatin-ExtraLight.otf in Resources */,
				58324B622CB76BF40044C85A /* Piedra-Regular.ttf in Resources */,
				589659702F0BB97B004616C4 /* MJbLxQ7V.json in Resources */,
				589659712F0BB97B004616C4 /* spine-MJbLxQ7V.atlas in Resources */,
				589659722F0BB97B004616C4 /* spine-MJbLxQ7V.json in Resources */,
				589659732F0BB97B004616C4 /* spine-MJbLxQ7V.png in Resources */,
				58324B612CB76BF40044C85A /* Lemonada-Bold.ttf in Resources */,
				58324B6D2CB770C70044C85A /* PoppinsLatin-Regular.ttf in Resources */,
				58324B5A2CB76BF40044C85A /* Arbutus-Regular.ttf in Resources */,
				58CDE8632DCA04550015B33B /* 2.png in Resources */,
				589E2A362E97BD810029894A /* VAGRoundedNext-Medium.otf in Resources */,
				586449372DA663B8007EA0F8 /* 1.webp in Resources */,
				589659782F0CA53B004616C4 /* hSXG11sA.json in Resources */,
				589659792F0CA53B004616C4 /* spine-hSXG11sA.png in Resources */,
				5896597A2F0CA53B004616C4 /* spine-hSXG11sA.atlas in Resources */,
				5896597B2F0CA53B004616C4 /* spine-hSXG11sA.json in Resources */,
				5854E3282E6FD9B8005D66EA /* VAGRoundedNext-Black.otf in Resources */,
				58324B6E2CB770C70044C85A /* PoppinsLatin-Light.otf in Resources */,
				58C607682C7EFA3100097699 /* Assets.xcassets in Resources */,
				58324B5E2CB76BF40044C85A /* Butcherman-Regular.ttf in Resources */,
				58324B602CB76BF40044C85A /* ConcertOne-Regular.ttf in Resources */,
			);
			runOnlyForDeploymentPostprocessing = 0;
		};
/* End PBXResourcesBuildPhase section */

/* Begin PBXShellScriptBuildPhase section */
		5B91F1B9FD918179B75B5719 /* [CP] Check Pods Manifest.lock */ = {
			isa = PBXShellScriptBuildPhase;
			buildActionMask = 2147483647;
			files = (
			);
			inputFileListPaths = (
			);
			inputPaths = (
				"${PODS_PODFILE_DIR_PATH}/Podfile.lock",
				"${PODS_ROOT}/Manifest.lock",
			);
			name = "[CP] Check Pods Manifest.lock";
			outputFileListPaths = (
			);
			outputPaths = (
				"$(DERIVED_FILE_DIR)/Pods-SwiftUIPreview-checkManifestLockResult.txt",
			);
			runOnlyForDeploymentPostprocessing = 0;
			shellPath = /bin/sh;
			shellScript = "diff \"${PODS_PODFILE_DIR_PATH}/Podfile.lock\" \"${PODS_ROOT}/Manifest.lock\" > /dev/null\nif [ $? != 0 ] ; then\n    # print error to STDERR\n    echo \"error: The sandbox is not in sync with the Podfile.lock. Run 'pod install' or update your CocoaPods installation.\" >&2\n    exit 1\nfi\n# This output is used by Xcode 'outputs' to avoid re-running this script phase.\necho \"SUCCESS\" > \"${SCRIPT_OUTPUT_FILE_0}\"\n";
			showEnvVarsInLog = 0;
		};
/* End PBXShellScriptBuildPhase section */

/* Begin PBXSourcesBuildPhase section */
		58C6075C2C7EFA2F00097699 /* Sources */ = {
			isa = PBXSourcesBuildPhase;
			buildActionMask = 2147483647;
			files = (
				581941F22E7BF6A600C751ED /* TabTestView.swift in Sources */,
				58C6077F2C804DA800097699 /* ColorExtention.swift in Sources */,
				587506DD2E53222C007E1290 /* TapLikeAnimationView.swift in Sources */,
				583D74022DE43DCF00D34E5D /* OCCreateView.swift in Sources */,
				58324B782CB7D2A60044C85A /* MakeStickerFontView.swift in Sources */,
				583D73C52DDC80E800D34E5D /* DragListView.swift in Sources */,
				58CDE8572DC31CFF0015B33B /* DrawingView.swift in Sources */,
				58C6077B2C7EFF1C00097699 /* MoreTextView.swift in Sources */,
				58CDE8612DCA03690015B33B /* DrawingCanvasView.swift in Sources */,
				58C607662C7EFA2F00097699 /* ContentView.swift in Sources */,
				5875070D2E5726EE007E1290 /* TextContentView.swift in Sources */,
				586449542DAF6040007EA0F8 /* GuideMaskView.swift in Sources */,
				5896594B2F0BA65D004616C4 /* SpineAvatar.swift in Sources */,
				5896594C2F0BA65D004616C4 /* SpineEditorConfig.swift in Sources */,
				5896594D2F0BA65D004616C4 /* ToningView.swift in Sources */,
				5896594E2F0BA65D004616C4 /* Selection.swift in Sources */,
				5896594F2F0BA65D004616C4 /* SpineEditorViewModel.swift in Sources */,
				589659502F0BA65D004616C4 /* Export.swift in Sources */,
				589659512F0BA65D004616C4 /* SpineEditorView.swift in Sources */,
				589659522F0BA65D004616C4 /* Animation.swift in Sources */,
				589659532F0BA65D004616C4 /* Toning.swift in Sources */,
				589659542F0BA65D004616C4 /* SpineUtils.swift in Sources */,
				589659552F0BA65D004616C4 /* SpineRecorder.swift in Sources */,
				589659562F0BA65D004616C4 /* TemplateConfig.swift in Sources */,
				589659572F0BA65D004616C4 /* ColorSampler.swift in Sources */,
				589659582F0BA65D004616C4 /* SelectionView.swift in Sources */,
				58324B7C2CB933ED0044C85A /* MakeStickerSelectView.swift in Sources */,
				58CBBE682D0A8753006660DC /* AttributeLabel.swift in Sources */,
				58324B442CB680190044C85A /* UIColorExt.swift in Sources */,
				5854E3032E6FC991005D66EA /* GradientText.swift in Sources */,
				58324B7A2CB7D3240044C85A /* MakeStickerFontColorView.swift in Sources */,
				58324B7E2CBA4E290044C85A /* MakeStickerLabelsView.swift in Sources */,
				583D73C12DDC7EC100D34E5D /* DragSortView.swift in Sources */,
				58CDE85F2DC9F0490015B33B /* PKDrawingView.swift in Sources */,
				58C607792C7EFDF600097699 /* ExpandTextView.swift in Sources */,
				58C607642C7EFA2F00097699 /* SwiftUIPreviewApp.swift in Sources */,
				58C478E52CA699150069CE19 /* MakeStickerEidtorView.swift in Sources */,
				589E2A262E869A320029894A /* TestPickerView.swift in Sources */,
				5837CA262F0F8B1E003AF59A /* ViewExt.swift in Sources */,
				58324B452CB680190044C85A /* ColorExt.swift in Sources */,
				58324B742CB771040044C85A /* FontExt.swift in Sources */,
				58C607812C85C04B00097699 /* FontView.swift in Sources */,
				58324B762CB772080044C85A /* UIFontExt.swift in Sources */,
				58C6077D2C8028C100097699 /* ColorView.swift in Sources */,
				589E752E2E0BDB0A00EBFBEE /* TestView.swift in Sources */,
				58C478E32CA695A60069CE19 /* MakeStickerView.swift in Sources */,
			);
			runOnlyForDeploymentPostprocessing = 0;
		};
/* End PBXSourcesBuildPhase section */

/* Begin PBXVariantGroup section */
		5854E33D2E7002F8005D66EA /* Localizable.strings */ = {
			isa = PBXVariantGroup;
			children = (
				5854E33E2E7002F8005D66EA /* en */,
				5854E3402E7002FE005D66EA /* de */,
				5854E3442E700337005D66EA /* ja */,
				5854E3482E70034B005D66EA /* pt-BR */,
				5854E34C2E700352005D66EA /* es-419 */,
			);
			name = Localizable.strings;
			sourceTree = "<group>";
		};
/* End PBXVariantGroup section */

/* Begin XCBuildConfiguration section */
		58C6076C2C7EFA3100097699 /* Debug */ = {
			isa = XCBuildConfiguration;
			buildSettings = {
				ALWAYS_SEARCH_USER_PATHS = NO;
				ASSETCATALOG_COMPILER_GENERATE_SWIFT_ASSET_SYMBOL_EXTENSIONS = YES;
				CLANG_ANALYZER_LOCALIZABILITY_NONLOCALIZED = YES;
				CLANG_ANALYZER_NONNULL = YES;
				CLANG_ANALYZER_NUMBER_OBJECT_CONVERSION = YES_AGGRESSIVE;
				CLANG_CXX_LANGUAGE_STANDARD = "gnu++20";
				CLANG_ENABLE_MODULES = YES;
				CLANG_ENABLE_OBJC_ARC = YES;
				CLANG_ENABLE_OBJC_WEAK = YES;
				CLANG_WARN_BLOCK_CAPTURE_AUTORELEASING = YES;
				CLANG_WARN_BOOL_CONVERSION = YES;
				CLANG_WARN_COMMA = YES;
				CLANG_WARN_CONSTANT_CONVERSION = YES;
				CLANG_WARN_DEPRECATED_OBJC_IMPLEMENTATIONS = YES;
				CLANG_WARN_DIRECT_OBJC_ISA_USAGE = YES_ERROR;
				CLANG_WARN_DOCUMENTATION_COMMENTS = YES;
				CLANG_WARN_EMPTY_BODY = YES;
				CLANG_WARN_ENUM_CONVERSION = YES;
				CLANG_WARN_INFINITE_RECURSION = YES;
				CLANG_WARN_INT_CONVERSION = YES;
				CLANG_WARN_NON_LITERAL_NULL_CONVERSION = YES;
				CLANG_WARN_OBJC_IMPLICIT_RETAIN_SELF = YES;
				CLANG_WARN_OBJC_LITERAL_CONVERSION = YES;
				CLANG_WARN_OBJC_ROOT_CLASS = YES_ERROR;
				CLANG_WARN_QUOTED_INCLUDE_IN_FRAMEWORK_HEADER = YES;
				CLANG_WARN_RANGE_LOOP_ANALYSIS = YES;
				CLANG_WARN_STRICT_PROTOTYPES = YES;
				CLANG_WARN_SUSPICIOUS_MOVE = YES;
				CLANG_WARN_UNGUARDED_AVAILABILITY = YES_AGGRESSIVE;
				CLANG_WARN_UNREACHABLE_CODE = YES;
				CLANG_WARN__DUPLICATE_METHOD_MATCH = YES;
				COPY_PHASE_STRIP = NO;
				DEBUG_INFORMATION_FORMAT = dwarf;
				ENABLE_STRICT_OBJC_MSGSEND = YES;
				ENABLE_TESTABILITY = YES;
				ENABLE_USER_SCRIPT_SANDBOXING = YES;
				GCC_C_LANGUAGE_STANDARD = gnu17;
				GCC_DYNAMIC_NO_PIC = NO;
				GCC_NO_COMMON_BLOCKS = YES;
				GCC_OPTIMIZATION_LEVEL = 0;
				GCC_PREPROCESSOR_DEFINITIONS = (
					"DEBUG=1",
					"$(inherited)",
				);
				GCC_WARN_64_TO_32_BIT_CONVERSION = YES;
				GCC_WARN_ABOUT_RETURN_TYPE = YES_ERROR;
				GCC_WARN_UNDECLARED_SELECTOR = YES;
				GCC_WARN_UNINITIALIZED_AUTOS = YES_AGGRESSIVE;
				GCC_WARN_UNUSED_FUNCTION = YES;
				GCC_WARN_UNUSED_VARIABLE = YES;
				IPHONEOS_DEPLOYMENT_TARGET = 15.0;
				LOCALIZATION_PREFERS_STRING_CATALOGS = YES;
				MTL_ENABLE_DEBUG_INFO = INCLUDE_SOURCE;
				MTL_FAST_MATH = YES;
				ONLY_ACTIVE_ARCH = YES;
				SDKROOT = iphoneos;
				SWIFT_ACTIVE_COMPILATION_CONDITIONS = "DEBUG $(inherited)";
				SWIFT_OPTIMIZATION_LEVEL = "-Onone";
			};
			name = Debug;
		};
		58C6076D2C7EFA3100097699 /* Release */ = {
			isa = XCBuildConfiguration;
			buildSettings = {
				ALWAYS_SEARCH_USER_PATHS = NO;
				ASSETCATALOG_COMPILER_GENERATE_SWIFT_ASSET_SYMBOL_EXTENSIONS = YES;
				CLANG_ANALYZER_LOCALIZABILITY_NONLOCALIZED = YES;
				CLANG_ANALYZER_NONNULL = YES;
				CLANG_ANALYZER_NUMBER_OBJECT_CONVERSION = YES_AGGRESSIVE;
				CLANG_CXX_LANGUAGE_STANDARD = "gnu++20";
				CLANG_ENABLE_MODULES = YES;
				CLANG_ENABLE_OBJC_ARC = YES;
				CLANG_ENABLE_OBJC_WEAK = YES;
				CLANG_WARN_BLOCK_CAPTURE_AUTORELEASING = YES;
				CLANG_WARN_BOOL_CONVERSION = YES;
				CLANG_WARN_COMMA = YES;
				CLANG_WARN_CONSTANT_CONVERSION = YES;
				CLANG_WARN_DEPRECATED_OBJC_IMPLEMENTATIONS = YES;
				CLANG_WARN_DIRECT_OBJC_ISA_USAGE = YES_ERROR;
				CLANG_WARN_DOCUMENTATION_COMMENTS = YES;
				CLANG_WARN_EMPTY_BODY = YES;
				CLANG_WARN_ENUM_CONVERSION = YES;
				CLANG_WARN_INFINITE_RECURSION = YES;
				CLANG_WARN_INT_CONVERSION = YES;
				CLANG_WARN_NON_LITERAL_NULL_CONVERSION = YES;
				CLANG_WARN_OBJC_IMPLICIT_RETAIN_SELF = YES;
				CLANG_WARN_OBJC_LITERAL_CONVERSION = YES;
				CLANG_WARN_OBJC_ROOT_CLASS = YES_ERROR;
				CLANG_WARN_QUOTED_INCLUDE_IN_FRAMEWORK_HEADER = YES;
				CLANG_WARN_RANGE_LOOP_ANALYSIS = YES;
				CLANG_WARN_STRICT_PROTOTYPES = YES;
				CLANG_WARN_SUSPICIOUS_MOVE = YES;
				CLANG_WARN_UNGUARDED_AVAILABILITY = YES_AGGRESSIVE;
				CLANG_WARN_UNREACHABLE_CODE = YES;
				CLANG_WARN__DUPLICATE_METHOD_MATCH = YES;
				COPY_PHASE_STRIP = NO;
				DEBUG_INFORMATION_FORMAT = "dwarf-with-dsym";
				ENABLE_NS_ASSERTIONS = NO;
				ENABLE_STRICT_OBJC_MSGSEND = YES;
				ENABLE_USER_SCRIPT_SANDBOXING = YES;
				GCC_C_LANGUAGE_STANDARD = gnu17;
				GCC_NO_COMMON_BLOCKS = YES;
				GCC_WARN_64_TO_32_BIT_CONVERSION = YES;
				GCC_WARN_ABOUT_RETURN_TYPE = YES_ERROR;
				GCC_WARN_UNDECLARED_SELECTOR = YES;
				GCC_WARN_UNINITIALIZED_AUTOS = YES_AGGRESSIVE;
				GCC_WARN_UNUSED_FUNCTION = YES;
				GCC_WARN_UNUSED_VARIABLE = YES;
				IPHONEOS_DEPLOYMENT_TARGET = 15.0;
				LOCALIZATION_PREFERS_STRING_CATALOGS = YES;
				MTL_ENABLE_DEBUG_INFO = NO;
				MTL_FAST_MATH = YES;
				SDKROOT = iphoneos;
				SWIFT_COMPILATION_MODE = wholemodule;
				VALIDATE_PRODUCT = YES;
			};
			name = Release;
		};
		58C6076F2C7EFA3100097699 /* Debug */ = {
			isa = XCBuildConfiguration;
			baseConfigurationReference = 9EF3A7BD1D2948520A268DEF /* Pods-SwiftUIPreview.debug.xcconfig */;
			buildSettings = {
				ALWAYS_EMBED_SWIFT_STANDARD_LIBRARIES = YES;
				ASSETCATALOG_COMPILER_APPICON_NAME = AppIcon;
				ASSETCATALOG_COMPILER_GLOBAL_ACCENT_COLOR_NAME = AccentColor;
				CLANG_ENABLE_MODULES = YES;
				CODE_SIGN_STYLE = Automatic;
				CURRENT_PROJECT_VERSION = 1;
				DEVELOPMENT_ASSET_PATHS = "SwiftUIPreview/Preview\\ Content SwiftUIPreview/en.lproj/Localizable.strings";
				DEVELOPMENT_TEAM = FM6CWNE4AZ;
				ENABLE_PREVIEWS = YES;
				GENERATE_INFOPLIST_FILE = YES;
				INFOPLIST_FILE = SwiftUIPreview/Info.plist;
				INFOPLIST_KEY_NSPhotoLibraryAddUsageDescription = 123;
				INFOPLIST_KEY_UIApplicationSceneManifest_Generation = YES;
				INFOPLIST_KEY_UIApplicationSupportsIndirectInputEvents = YES;
				INFOPLIST_KEY_UILaunchScreen_Generation = YES;
				INFOPLIST_KEY_UISupportedInterfaceOrientations_iPad = "UIInterfaceOrientationPortrait UIInterfaceOrientationPortraitUpsideDown UIInterfaceOrientationLandscapeLeft UIInterfaceOrientationLandscapeRight";
				INFOPLIST_KEY_UISupportedInterfaceOrientations_iPhone = "UIInterfaceOrientationPortrait UIInterfaceOrientationLandscapeLeft UIInterfaceOrientationLandscapeRight";
				LD_RUNPATH_SEARCH_PATHS = (
					"$(inherited)",
					"@executable_path/Frameworks",
				);
				MARKETING_VERSION = 1.0;
				PRODUCT_BUNDLE_IDENTIFIER = io.zthd.SwiftUIPreview;
				PRODUCT_NAME = "$(TARGET_NAME)";
				SWIFT_EMIT_LOC_STRINGS = YES;
				SWIFT_OBJC_BRIDGING_HEADER = "SwiftUIPreview/SwiftUIPreview-Bridging-Header.h";
				SWIFT_OPTIMIZATION_LEVEL = "-Onone";
				SWIFT_VERSION = 5.0;
				TARGETED_DEVICE_FAMILY = "1,2";
			};
			name = Debug;
		};
		58C607702C7EFA3100097699 /* Release */ = {
			isa = XCBuildConfiguration;
			baseConfigurationReference = FB5524AD2FBFD486AC861B4C /* Pods-SwiftUIPreview.release.xcconfig */;
			buildSettings = {
				ALWAYS_EMBED_SWIFT_STANDARD_LIBRARIES = YES;
				ASSETCATALOG_COMPILER_APPICON_NAME = AppIcon;
				ASSETCATALOG_COMPILER_GLOBAL_ACCENT_COLOR_NAME = AccentColor;
				CLANG_ENABLE_MODULES = YES;
				CODE_SIGN_STYLE = Automatic;
				CURRENT_PROJECT_VERSION = 1;
				DEVELOPMENT_ASSET_PATHS = "SwiftUIPreview/Preview\\ Content SwiftUIPreview/en.lproj/Localizable.strings";
				DEVELOPMENT_TEAM = FM6CWNE4AZ;
				ENABLE_PREVIEWS = YES;
				GENERATE_INFOPLIST_FILE = YES;
				INFOPLIST_FILE = SwiftUIPreview/Info.plist;
				INFOPLIST_KEY_NSPhotoLibraryAddUsageDescription = 123;
				INFOPLIST_KEY_UIApplicationSceneManifest_Generation = YES;
				INFOPLIST_KEY_UIApplicationSupportsIndirectInputEvents = YES;
				INFOPLIST_KEY_UILaunchScreen_Generation = YES;
				INFOPLIST_KEY_UISupportedInterfaceOrientations_iPad = "UIInterfaceOrientationPortrait UIInterfaceOrientationPortraitUpsideDown UIInterfaceOrientationLandscapeLeft UIInterfaceOrientationLandscapeRight";
				INFOPLIST_KEY_UISupportedInterfaceOrientations_iPhone = "UIInterfaceOrientationPortrait UIInterfaceOrientationLandscapeLeft UIInterfaceOrientationLandscapeRight";
				LD_RUNPATH_SEARCH_PATHS = (
					"$(inherited)",
					"@executable_path/Frameworks",
				);
				MARKETING_VERSION = 1.0;
				PRODUCT_BUNDLE_IDENTIFIER = io.zthd.SwiftUIPreview;
				PRODUCT_NAME = "$(TARGET_NAME)";
				SWIFT_EMIT_LOC_STRINGS = YES;
				SWIFT_OBJC_BRIDGING_HEADER = "SwiftUIPreview/SwiftUIPreview-Bridging-Header.h";
				SWIFT_VERSION = 5.0;
				TARGETED_DEVICE_FAMILY = "1,2";
			};
			name = Release;
		};
/* End XCBuildConfiguration section */

/* Begin XCConfigurationList section */
		58C6075B2C7EFA2F00097699 /* Build configuration list for PBXProject "SwiftUIPreview" */ = {
			isa = XCConfigurationList;
			buildConfigurations = (
				58C6076C2C7EFA3100097699 /* Debug */,
				58C6076D2C7EFA3100097699 /* Release */,
			);
			defaultConfigurationIsVisible = 0;
			defaultConfigurationName = Release;
		};
		58C6076E2C7EFA3100097699 /* Build configuration list for PBXNativeTarget "SwiftUIPreview" */ = {
			isa = XCConfigurationList;
			buildConfigurations = (
				58C6076F2C7EFA3100097699 /* Debug */,
				58C607702C7EFA3100097699 /* Release */,
			);
			defaultConfigurationIsVisible = 0;
			defaultConfigurationName = Release;
		};
/* End XCConfigurationList section */

/* Begin XCRemoteSwiftPackageReference section */
		58324B482CB682D50044C85A /* XCRemoteSwiftPackageReference "Kingfisher" */ = {
			isa = XCRemoteSwiftPackageReference;
			repositoryURL = "https://github.com/onevcat/Kingfisher.git";
			requirement = {
				kind = upToNextMajorVersion;
				minimumVersion = 8.0.3;
			};
		};
		586449332DA661F9007EA0F8 /* XCRemoteSwiftPackageReference "KingfisherWebP" */ = {
			isa = XCRemoteSwiftPackageReference;
			repositoryURL = "https://github.com/yeatse/KingfisherWebP";
			requirement = {
				kind = upToNextMajorVersion;
				minimumVersion = 1.7.0;
			};
		};
		589E2A302E88D6310029894A /* XCRemoteSwiftPackageReference "swiftui-introspect" */ = {
			isa = XCRemoteSwiftPackageReference;
			repositoryURL = "https://github.com/siteline/swiftui-introspect";
			requirement = {
				kind = upToNextMajorVersion;
				minimumVersion = 26.0.0;
			};
		};
		58C478DF2CA545C60069CE19 /* XCRemoteSwiftPackageReference "lottie-spm" */ = {
			isa = XCRemoteSwiftPackageReference;
			repositoryURL = "https://github.com/airbnb/lottie-spm.git";
			requirement = {
				kind = upToNextMajorVersion;
				minimumVersion = 4.5.0;
			};
		};
		58C478EB2CA6A9A00069CE19 /* XCRemoteSwiftPackageReference "SnapKit" */ = {
			isa = XCRemoteSwiftPackageReference;
			repositoryURL = "https://github.com/SnapKit/SnapKit.git";
			requirement = {
				kind = upToNextMajorVersion;
				minimumVersion = 5.7.1;
			};
		};
		58DECDB62F0FBA6600C2623C /* XCRemoteSwiftPackageReference "spine-runtimes" */ = {
			isa = XCRemoteSwiftPackageReference;
			repositoryURL = "https://github.com/zkHub/spine-runtimes";
			requirement = {
				branch = 4.2;
				kind = branch;
			};
		};
/* End XCRemoteSwiftPackageReference section */

/* Begin XCSwiftPackageProductDependency section */
		58324B492CB682D50044C85A /* Kingfisher */ = {
			isa = XCSwiftPackageProductDependency;
			package = 58324B482CB682D50044C85A /* XCRemoteSwiftPackageReference "Kingfisher" */;
			productName = Kingfisher;
		};
		585652042F0FB17B00FE26B0 /* Spine */ = {
			isa = XCSwiftPackageProductDependency;
			productName = Spine;
		};
		585652062F0FB17B00FE26B0 /* SpineCppLite */ = {
			isa = XCSwiftPackageProductDependency;
			productName = SpineCppLite;
		};
		585652092F0FB2B600FE26B0 /* Spine */ = {
			isa = XCSwiftPackageProductDependency;
			productName = Spine;
		};
		5856520B2F0FB2B600FE26B0 /* SpineCppLite */ = {
			isa = XCSwiftPackageProductDependency;
			productName = SpineCppLite;
		};
		586449342DA661F9007EA0F8 /* KingfisherWebP */ = {
			isa = XCSwiftPackageProductDependency;
			package = 586449332DA661F9007EA0F8 /* XCRemoteSwiftPackageReference "KingfisherWebP" */;
			productName = KingfisherWebP;
		};
		589E2A312E88D6310029894A /* SwiftUIIntrospect */ = {
			isa = XCSwiftPackageProductDependency;
			package = 589E2A302E88D6310029894A /* XCRemoteSwiftPackageReference "swiftui-introspect" */;
			productName = SwiftUIIntrospect;
		};
		58C478E02CA545C60069CE19 /* Lottie */ = {
			isa = XCSwiftPackageProductDependency;
			package = 58C478DF2CA545C60069CE19 /* XCRemoteSwiftPackageReference "lottie-spm" */;
			productName = Lottie;
		};
		58C478EC2CA6A9A00069CE19 /* SnapKit */ = {
			isa = XCSwiftPackageProductDependency;
			package = 58C478EB2CA6A9A00069CE19 /* XCRemoteSwiftPackageReference "SnapKit" */;
			productName = SnapKit;
		};
		58DECDB72F0FBA6600C2623C /* Spine */ = {
			isa = XCSwiftPackageProductDependency;
			package = 58DECDB62F0FBA6600C2623C /* XCRemoteSwiftPackageReference "spine-runtimes" */;
			productName = Spine;
		};
		58DECDB92F0FBA6600C2623C /* SpineCppLite */ = {
			isa = XCSwiftPackageProductDependency;
			package = 58DECDB62F0FBA6600C2623C /* XCRemoteSwiftPackageReference "spine-runtimes" */;
			productName = SpineCppLite;
		};
/* End XCSwiftPackageProductDependency section */
	};
	rootObject = 58C607582C7EFA2F00097699 /* Project object */;
}
